PODS:
  - Alamofire (4.5.1)
  - Bolts (1.9.0):
    - Bolts/AppLinks (= 1.9.0)
    - Bolts/Tasks (= 1.9.0)
  - Bolts/AppLinks (1.9.0):
    - Bolts/Tasks
  - Bolts/Tasks (1.9.0)
  - FacebookCore (0.3.1):
    - Bolts (~> 1.8)
    - FBSDKCoreKit (~> 4.33)
  - FacebookLogin (0.3.1):
    - Bolts (~> 1.8)
    - FacebookCore (~> 0.3.1)
    - FBSDKCoreKit (~> 4.33)
    - FBSDKLoginKit (~> 4.33)
  - FBSDKCoreKit (4.34.0):
    - Bolts (~> 1.7)
  - FBSDKLoginKit (4.34.0):
    - FBSDKCoreKit
  - Firebase/Auth (5.4.0):
    - Firebase/CoreOnly
    - FirebaseAuth (= 5.0.2)
  - Firebase/CoreOnly (5.4.0):
    - FirebaseCore (= 5.0.5)
  - Firebase/Database (5.4.0):
    - Firebase/CoreOnly
    - FirebaseDatabase (= 5.0.2)
  - Firebase/Storage (5.4.0):
    - Firebase/CoreOnly
    - FirebaseStorage (= 3.0.0)
  - FirebaseAuth (5.0.2):
    - FirebaseCore (~> 5.0)
    - GTMSessionFetcher/Core (~> 1.1)
  - FirebaseCore (5.0.5):
    - "GoogleToolboxForMac/NSData+zlib (~> 2.1)"
  - FirebaseDatabase (5.0.2):
    - FirebaseCore (~> 5.0)
    - leveldb-library (~> 1.18)
  - FirebaseStorage (3.0.0):
    - FirebaseCore (~> 5.0)
    - GTMSessionFetcher/Core (~> 1.1)
  - GoogleToolboxForMac/Defines (2.1.4)
  - "GoogleToolboxForMac/NSData+zlib (2.1.4)":
    - GoogleToolboxForMac/Defines (= 2.1.4)
  - GTMSessionFetcher/Core (1.1.15)
  - leveldb-library (1.20)
  - Macaw (0.9.2):
    - SWXMLHash
  - MBProgressHUD (1.1.0)
  - ObjectMapper (3.1.0)
  - SDWebImage (4.3.1):
    - SDWebImage/Core (= 4.3.1)
  - SDWebImage/Core (4.3.1)
  - SWXMLHash (4.7.0)
  - TransitionButton (0.4.0)

DEPENDENCIES:
  - Alamofire (= 4.5.1)
  - FacebookCore
  - FacebookLogin
  - Firebase/Auth
  - Firebase/Database
  - Firebase/Storage
  - Macaw (= 0.9.2)
  - MBProgressHUD
  - ObjectMapper (~> 3.1)
  - SDWebImage
  - TransitionButton

SPEC REPOS:
  https://github.com/CocoaPods/Specs.git:
    - Alamofire
    - Bolts
    - FacebookCore
    - FacebookLogin
    - FBSDKCoreKit
    - FBSDKLoginKit
    - Firebase
    - FirebaseAuth
    - FirebaseCore
    - FirebaseDatabase
    - FirebaseStorage
    - GoogleToolboxForMac
    - GTMSessionFetcher
    - leveldb-library
    - Macaw
    - MBProgressHUD
    - ObjectMapper
    - SDWebImage
    - SWXMLHash
    - TransitionButton

SPEC CHECKSUMS:
  Alamofire: 2d95912bf4c34f164fdfc335872e8c312acaea4a
  Bolts: ac6567323eac61e203f6a9763667d0f711be34c8
  FacebookCore: 33078ef1d7d76b73f7e8c990dca7d3ea6db8d22f
  FacebookLogin: 6f15bf4fefd7a8865abbfa8fcd7f3dfd87aa275f
  FBSDKCoreKit: 0ff57f093b85c8c9d5aba697d3edf68a8960ce78
  FBSDKLoginKit: 8c78f57a145afb756e4755e69195ebe08a42466e
  Firebase: d66f4f29c23f22d96808d9abc174d81d8eee968f
  FirebaseAuth: 096e457cdd4274412a66c4a35874787e411f5a03
  FirebaseCore: 42b3267233bd21a5abd54117ccc38ca3dd0f8e83
  FirebaseDatabase: 27be5ac5bc75e0b17537b2bbfada8258addcc8cd
  FirebaseStorage: 7ca4bb7b58a25fa647b04f524033fc7cb7eb272b
  GoogleToolboxForMac: 91c824d21e85b31c2aae9bb011c5027c9b4e738f
  GTMSessionFetcher: 5fa5b80fd20e439ef5f545fb2cb3ca6c6714caa2
  leveldb-library: 08cba283675b7ed2d99629a4bc5fd052cd2bb6a5
  Macaw: 6db42cb10c1e018ee940a906b42a1ead5557e080
  MBProgressHUD: e7baa36a220447d8aeb12769bf0585582f3866d9
  ObjectMapper: 20505058f54e5c3ca69e1d6de9897d152a5369a6
  SDWebImage: 09808bac78357b39f8db4ea360c7b5534d785ef4
  SWXMLHash: f4522438189f72b41e39676d19469a8969d60dd1
  TransitionButton: d271030914c84a00b54b4d983446944d2875e7ba

PODFILE CHECKSUM: 9541f01a48d0e7d16daa052b1b4006099e5290b2

COCOAPODS: 1.5.0
