// !$*UTF8*$!
{
	archiveVersion = 1;
	classes = {
	};
	objectVersion = 50;
	objects = {

/* Begin PBXBuildFile section */
		3BEB608620E5246700A234FE /* Main.storyboard in Resources */ = {isa = PBXBuildFile; fileRef = 3BEB608520E5246700A234FE /* Main.storyboard */; };
		3BEB608B20E524BC00A234FE /* MenuCell.swift in Sources */ = {isa = PBXBuildFile; fileRef = 3BEB608920E524BC00A234FE /* MenuCell.swift */; };
		3BEB608C20E524BC00A234FE /* MenuVC.swift in Sources */ = {isa = PBXBuildFile; fileRef = 3BEB608A20E524BC00A234FE /* MenuVC.swift */; };
		3BEB609220E524ED00A234FE /* BaseVC.swift in Sources */ = {isa = PBXBuildFile; fileRef = 3BEB608F20E524ED00A234FE /* BaseVC.swift */; };
		3BEB60A320E5254100A234FE /* Configuration.swift in Sources */ = {isa = PBXBuildFile; fileRef = 3BEB609620E5254100A234FE /* Configuration.swift */; };
		3BEB60A420E5254100A234FE /* LocationManager.swift in Sources */ = {isa = PBXBuildFile; fileRef = 3BEB609820E5254100A234FE /* LocationManager.swift */; };
		3BEB60A520E5254100A234FE /* APIError.swift in Sources */ = {isa = PBXBuildFile; fileRef = 3BEB609B20E5254100A234FE /* APIError.swift */; };
		3BEB60A620E5254100A234FE /* BaseAPIError.swift in Sources */ = {isa = PBXBuildFile; fileRef = 3BEB609C20E5254100A234FE /* BaseAPIError.swift */; };
		3BEB60A720E5254100A234FE /* MessageKeys.swift in Sources */ = {isa = PBXBuildFile; fileRef = 3BEB609E20E5254100A234FE /* MessageKeys.swift */; };
		3BEB60A920E5254100A234FE /* APIService.swift in Sources */ = {isa = PBXBuildFile; fileRef = 3BEB60A120E5254100A234FE /* APIService.swift */; };
		3BEB60AA20E5254100A234FE /* APIService+Profile.swift in Sources */ = {isa = PBXBuildFile; fileRef = 3BEB60A220E5254100A234FE /* APIService+Profile.swift */; };
		3BEB60B020E526A600A234FE /* Constants.swift in Sources */ = {isa = PBXBuildFile; fileRef = 3BEB60AF20E526A500A234FE /* Constants.swift */; };
		3BEB60BA20E527CB00A234FE /* Login.storyboard in Resources */ = {isa = PBXBuildFile; fileRef = 3BEB60B920E527CB00A234FE /* Login.storyboard */; };
		3BEB60C320E5284100A234FE /* ValidateUtils.swift in Sources */ = {isa = PBXBuildFile; fileRef = 3BEB60BC20E5284100A234FE /* ValidateUtils.swift */; };
		3BEB60C420E5284100A234FE /* UIButton+Ext.swift in Sources */ = {isa = PBXBuildFile; fileRef = 3BEB60BE20E5284100A234FE /* UIButton+Ext.swift */; };
		3BEB60C520E5284100A234FE /* UIKit+IB.swift in Sources */ = {isa = PBXBuildFile; fileRef = 3BEB60BF20E5284100A234FE /* UIKit+IB.swift */; };
		3BEB60C620E5284100A234FE /* UIColor+Ext.swift in Sources */ = {isa = PBXBuildFile; fileRef = 3BEB60C020E5284100A234FE /* UIColor+Ext.swift */; };
		3BEB60C720E5284100A234FE /* UIView+Ext.swift in Sources */ = {isa = PBXBuildFile; fileRef = 3BEB60C120E5284100A234FE /* UIView+Ext.swift */; };
		3BEB60C820E5284100A234FE /* MoneyUtils.swift in Sources */ = {isa = PBXBuildFile; fileRef = 3BEB60C220E5284100A234FE /* MoneyUtils.swift */; };
		3BEB60CB20E5289E00A234FE /* BaseDto.swift in Sources */ = {isa = PBXBuildFile; fileRef = 3BEB60CA20E5289D00A234FE /* BaseDto.swift */; };
		3BEB60CE20E5291600A234FE /* MainVC.swift in Sources */ = {isa = PBXBuildFile; fileRef = 3BEB60CD20E5291600A234FE /* MainVC.swift */; };
		3BEB60D120E5299900A234FE /* LoginDto.swift in Sources */ = {isa = PBXBuildFile; fileRef = 3BEB60D020E5299900A234FE /* LoginDto.swift */; };
		3BEB60D420E529B400A234FE /* RegisterDto.swift in Sources */ = {isa = PBXBuildFile; fileRef = 3BEB60D320E529B400A234FE /* RegisterDto.swift */; };
		3BEB60DA20E52A3A00A234FE /* NSAtribitedString+Ext.swift in Sources */ = {isa = PBXBuildFile; fileRef = 3BEB60D720E52A3900A234FE /* NSAtribitedString+Ext.swift */; };
		3BEB60E120E52A8B00A234FE /* BaseClvCell.swift in Sources */ = {isa = PBXBuildFile; fileRef = 3BEB60DE20E52A8A00A234FE /* BaseClvCell.swift */; };
		3BEB60E520E52ABC00A234FE /* BaseTbvCell.swift in Sources */ = {isa = PBXBuildFile; fileRef = 3BEB60E420E52ABC00A234FE /* BaseTbvCell.swift */; };
		3BEB60E720E52C2D00A234FE /* BaseNV.swift in Sources */ = {isa = PBXBuildFile; fileRef = 3BEB60E620E52C2D00A234FE /* BaseNV.swift */; };
		401164EB21008973003C0180 /* GoogleService-Info.plist in Resources */ = {isa = PBXBuildFile; fileRef = 401164EA21008973003C0180 /* GoogleService-Info.plist */; };
		4011BEBC2105759E00A928C4 /* SubCollectionVCFlowLayout.swift in Sources */ = {isa = PBXBuildFile; fileRef = 4011BEBB2105759E00A928C4 /* SubCollectionVCFlowLayout.swift */; };
		4011BEBF2105764900A928C4 /* ElementCollectionCell.swift in Sources */ = {isa = PBXBuildFile; fileRef = 4011BEBD2105764900A928C4 /* ElementCollectionCell.swift */; };
		4011BEC02105764900A928C4 /* ElementCollectionCell.xib in Resources */ = {isa = PBXBuildFile; fileRef = 4011BEBE2105764900A928C4 /* ElementCollectionCell.xib */; };
		402AEEF62108711900F3690C /* PeriodicCellFlow.swift in Sources */ = {isa = PBXBuildFile; fileRef = 402AEEF52108711900F3690C /* PeriodicCellFlow.swift */; };
		402AEEFA2108715F00F3690C /* PeriodicCell.swift in Sources */ = {isa = PBXBuildFile; fileRef = 402AEEF82108715F00F3690C /* PeriodicCell.swift */; };
		402AEEFB2108715F00F3690C /* PeriodicCell.xib in Resources */ = {isa = PBXBuildFile; fileRef = 402AEEF92108715F00F3690C /* PeriodicCell.xib */; };
		402AEF0021088B6E00F3690C /* ItemCell.swift in Sources */ = {isa = PBXBuildFile; fileRef = 402AEEFE21088B6E00F3690C /* ItemCell.swift */; };
		402AEF0421088B8D00F3690C /* PickerItemVC.swift in Sources */ = {isa = PBXBuildFile; fileRef = 402AEF0221088B8C00F3690C /* PickerItemVC.swift */; };
		402AEF0821088BB100F3690C /* Common.storyboard in Resources */ = {isa = PBXBuildFile; fileRef = 402AEF0721088BB100F3690C /* Common.storyboard */; };
		402AEF0B2108D78A00F3690C /* WebVC.swift in Sources */ = {isa = PBXBuildFile; fileRef = 402AEF0A2108D78A00F3690C /* WebVC.swift */; };
		402FE27D2101BAC80068048C /* Profile.storyboard in Resources */ = {isa = PBXBuildFile; fileRef = 402FE27C2101BAC80068048C /* Profile.storyboard */; };
		402FE2802101BFE10068048C /* ProfileVC.swift in Sources */ = {isa = PBXBuildFile; fileRef = 402FE27F2101BFE10068048C /* ProfileVC.swift */; };
		402FE2832101C0010068048C /* ProfileCell.swift in Sources */ = {isa = PBXBuildFile; fileRef = 402FE2822101C0010068048C /* ProfileCell.swift */; };
		402FE2872102D3A20068048C /* UIAlertViewController + Ext.swift in Sources */ = {isa = PBXBuildFile; fileRef = 402FE2862102D3A20068048C /* UIAlertViewController + Ext.swift */; };
		402FE28A2102D6580068048C /* HTextfield.swift in Sources */ = {isa = PBXBuildFile; fileRef = 402FE2892102D6580068048C /* HTextfield.swift */; };
		402FE28C2102D7960068048C /* Common+Extensions.swift in Sources */ = {isa = PBXBuildFile; fileRef = 402FE28B2102D7960068048C /* Common+Extensions.swift */; };
		402FE2922102D9330068048C /* OneTextFieldViewController.swift in Sources */ = {isa = PBXBuildFile; fileRef = 402FE2902102D9330068048C /* OneTextFieldViewController.swift */; };
		402FE2932102D9330068048C /* TwoTextFieldsViewController.swift in Sources */ = {isa = PBXBuildFile; fileRef = 402FE2912102D9330068048C /* TwoTextFieldsViewController.swift */; };
		402FE2952102DA910068048C /* UITextField+Extensions.swift in Sources */ = {isa = PBXBuildFile; fileRef = 402FE2942102DA910068048C /* UITextField+Extensions.swift */; };
		402FE2982102E28C0068048C /* DatePickerViewController.swift in Sources */ = {isa = PBXBuildFile; fileRef = 402FE2972102E28C0068048C /* DatePickerViewController.swift */; };
		402FE29B2102E6C30068048C /* PickerViewViewController.swift in Sources */ = {isa = PBXBuildFile; fileRef = 402FE29A2102E6C30068048C /* PickerViewViewController.swift */; };
		402FE29E210313690068048C /* ChangePassVC.swift in Sources */ = {isa = PBXBuildFile; fileRef = 402FE29D210313690068048C /* ChangePassVC.swift */; };
		402FE2A0210334BA0068048C /* TransitionButton.framework in Frameworks */ = {isa = PBXBuildFile; fileRef = 402FE29F210334BA0068048C /* TransitionButton.framework */; };
		403832FF20FFB989005E3940 /* video_background.mp4 in Resources */ = {isa = PBXBuildFile; fileRef = 403832FE20FFB7C1005E3940 /* video_background.mp4 */; };
		403A28EB2105064100BF0099 /* SubTableVCFowLayout.swift in Sources */ = {isa = PBXBuildFile; fileRef = 403A28EA2105064100BF0099 /* SubTableVCFowLayout.swift */; };
		403A28EE2105092800BF0099 /* ElementTableCell.swift in Sources */ = {isa = PBXBuildFile; fileRef = 403A28ED2105092800BF0099 /* ElementTableCell.swift */; };
		403A28F02105098C00BF0099 /* ElementTableCell.xib in Resources */ = {isa = PBXBuildFile; fileRef = 403A28EF2105098C00BF0099 /* ElementTableCell.xib */; };
		4040BF5E20F315D8000158A0 /* Setting.storyboard in Resources */ = {isa = PBXBuildFile; fileRef = 4040BF5D20F315D8000158A0 /* Setting.storyboard */; };
		4040BF6020F31601000158A0 /* SettingVC.swift in Sources */ = {isa = PBXBuildFile; fileRef = 4040BF5F20F31601000158A0 /* SettingVC.swift */; };
		4040BF6220F31776000158A0 /* ARKit.swift in Sources */ = {isa = PBXBuildFile; fileRef = 4040BF6120F31776000158A0 /* ARKit.swift */; };
		4040BF6420F31E96000158A0 /* PeriodicTable.swift in Sources */ = {isa = PBXBuildFile; fileRef = 4040BF6320F31E96000158A0 /* PeriodicTable.swift */; };
		4040BF6820F32720000158A0 /* table.json in Resources */ = {isa = PBXBuildFile; fileRef = 4040BF6720F32720000158A0 /* table.json */; };
		4045B5F620E50F3F00E225A5 /* AppDelegate.swift in Sources */ = {isa = PBXBuildFile; fileRef = 4045B5F520E50F3F00E225A5 /* AppDelegate.swift */; };
		4045B5FD20E50F4000E225A5 /* Assets.xcassets in Resources */ = {isa = PBXBuildFile; fileRef = 4045B5FC20E50F4000E225A5 /* Assets.xcassets */; };
		4045B60020E50F4000E225A5 /* LaunchScreen.storyboard in Resources */ = {isa = PBXBuildFile; fileRef = 4045B5FE20E50F4000E225A5 /* LaunchScreen.storyboard */; };
		4045B60B20E50F4000E225A5 /* ARChemistryTests.swift in Sources */ = {isa = PBXBuildFile; fileRef = 4045B60A20E50F4000E225A5 /* ARChemistryTests.swift */; };
		4045B61620E50F4100E225A5 /* ARChemistryUITests.swift in Sources */ = {isa = PBXBuildFile; fileRef = 4045B61520E50F4100E225A5 /* ARChemistryUITests.swift */; };
		404CF4F6210953EF00B21C96 /* ScrollMenu.swift in Sources */ = {isa = PBXBuildFile; fileRef = 404CF4F5210953EF00B21C96 /* ScrollMenu.swift */; };
		404CF4FA2109D7A200B21C96 /* PickerItemCell.swift in Sources */ = {isa = PBXBuildFile; fileRef = 404CF4F92109D7A200B21C96 /* PickerItemCell.swift */; };
		404CF4FE210A4BB200B21C96 /* StatusViewController.swift in Sources */ = {isa = PBXBuildFile; fileRef = 404CF4FC210A4BB200B21C96 /* StatusViewController.swift */; };
		404CF4FF210A4BB200B21C96 /* VirtualObjectSelection.swift in Sources */ = {isa = PBXBuildFile; fileRef = 404CF4FD210A4BB200B21C96 /* VirtualObjectSelection.swift */; };
		404CF503210A4BBE00B21C96 /* FocusSquare.swift in Sources */ = {isa = PBXBuildFile; fileRef = 404CF501210A4BBE00B21C96 /* FocusSquare.swift */; };
		404CF504210A4BBE00B21C96 /* FocusSquareSegment.swift in Sources */ = {isa = PBXBuildFile; fileRef = 404CF502210A4BBE00B21C96 /* FocusSquareSegment.swift */; };
		404CF507210A4BCE00B21C96 /* Utilities.swift in Sources */ = {isa = PBXBuildFile; fileRef = 404CF506210A4BCE00B21C96 /* Utilities.swift */; };
		404CF50B210A4BD400B21C96 /* VirtualObject.swift in Sources */ = {isa = PBXBuildFile; fileRef = 404CF509210A4BD400B21C96 /* VirtualObject.swift */; };
		404CF50C210A4BD400B21C96 /* VirtualObjectLoader.swift in Sources */ = {isa = PBXBuildFile; fileRef = 404CF50A210A4BD400B21C96 /* VirtualObjectLoader.swift */; };
		404CF515210A4BFB00B21C96 /* ViewController+ObjectSelection.swift in Sources */ = {isa = PBXBuildFile; fileRef = 404CF50E210A4BF500B21C96 /* ViewController+ObjectSelection.swift */; };
		404CF516210A4BFB00B21C96 /* VirtualObjectARView.swift in Sources */ = {isa = PBXBuildFile; fileRef = 404CF50F210A4BF600B21C96 /* VirtualObjectARView.swift */; };
		404CF517210A4BFB00B21C96 /* VirtualObjectInteraction.swift in Sources */ = {isa = PBXBuildFile; fileRef = 404CF510210A4BF700B21C96 /* VirtualObjectInteraction.swift */; };
		404CF518210A4BFB00B21C96 /* ThresholdPanGesture.swift in Sources */ = {isa = PBXBuildFile; fileRef = 404CF511210A4BF800B21C96 /* ThresholdPanGesture.swift */; };
		404CF519210A4BFB00B21C96 /* ViewController+Actions.swift in Sources */ = {isa = PBXBuildFile; fileRef = 404CF512210A4BFA00B21C96 /* ViewController+Actions.swift */; };
		404CF51A210A4BFB00B21C96 /* ViewController+ARSCNViewDelegate.swift in Sources */ = {isa = PBXBuildFile; fileRef = 404CF513210A4BFB00B21C96 /* ViewController+ARSCNViewDelegate.swift */; };
		404CF51D210A4C3F00B21C96 /* ARKit.storyboard in Resources */ = {isa = PBXBuildFile; fileRef = 404CF51B210A4C3F00B21C96 /* ARKit.storyboard */; };
		404CF521210A50B400B21C96 /* Models.scnassets in Resources */ = {isa = PBXBuildFile; fileRef = 404CF520210A50B400B21C96 /* Models.scnassets */; };
		4054786E21076FE1002646B0 /* ElementDto.swift in Sources */ = {isa = PBXBuildFile; fileRef = 4054786D21076FE1002646B0 /* ElementDto.swift */; };
		407089C620F303CD00B922D4 /* PeriodicTable.storyboard in Resources */ = {isa = PBXBuildFile; fileRef = 407089C520F303CD00B922D4 /* PeriodicTable.storyboard */; };
		407089CC20F30C9200B922D4 /* PeriodicTableVC.swift in Sources */ = {isa = PBXBuildFile; fileRef = 407089CB20F30C9200B922D4 /* PeriodicTableVC.swift */; };
		407089D020F3119F00B922D4 /* Style+Navigation.swift in Sources */ = {isa = PBXBuildFile; fileRef = 407089CF20F3119F00B922D4 /* Style+Navigation.swift */; };
		407089D220F3120D00B922D4 /* CustomNavigation.swift in Sources */ = {isa = PBXBuildFile; fileRef = 407089D120F3120D00B922D4 /* CustomNavigation.swift */; };
		40BC88DF20FF9F160049CC44 /* TabBarTopViewCell.swift in Sources */ = {isa = PBXBuildFile; fileRef = 40BC88DB20FF9F160049CC44 /* TabBarTopViewCell.swift */; };
		40BC88E020FF9F160049CC44 /* TabBarTopViewCell.xib in Resources */ = {isa = PBXBuildFile; fileRef = 40BC88DC20FF9F160049CC44 /* TabBarTopViewCell.xib */; };
		40BC88E120FF9F160049CC44 /* TabBarTopView.swift in Sources */ = {isa = PBXBuildFile; fileRef = 40BC88DD20FF9F160049CC44 /* TabBarTopView.swift */; };
		40BC88E220FF9F160049CC44 /* TabBarTopView.xib in Resources */ = {isa = PBXBuildFile; fileRef = 40BC88DE20FF9F160049CC44 /* TabBarTopView.xib */; };
		40BC88E420FF9FAE0049CC44 /* LoginClvCell.swift in Sources */ = {isa = PBXBuildFile; fileRef = 40BC88E320FF9FAE0049CC44 /* LoginClvCell.swift */; };
		40BC88E620FF9FC20049CC44 /* RegisterClvCell.swift in Sources */ = {isa = PBXBuildFile; fileRef = 40BC88E520FF9FC20049CC44 /* RegisterClvCell.swift */; };
		40BC88E820FF9FFB0049CC44 /* LoginRegisterVC.swift in Sources */ = {isa = PBXBuildFile; fileRef = 40BC88E720FF9FFB0049CC44 /* LoginRegisterVC.swift */; };
		40BC88EA20FFA2330049CC44 /* Font.swift in Sources */ = {isa = PBXBuildFile; fileRef = 40BC88E920FFA2330049CC44 /* Font.swift */; };
		40BC88EC20FFA2F70049CC44 /* String+Ext.swift in Sources */ = {isa = PBXBuildFile; fileRef = 40BC88EB20FFA2F70049CC44 /* String+Ext.swift */; };
		40BC88F020FFAA240049CC44 /* HView.swift in Sources */ = {isa = PBXBuildFile; fileRef = 40BC88EF20FFAA240049CC44 /* HView.swift */; };
		40BC88F220FFAA2E0049CC44 /* HButton.swift in Sources */ = {isa = PBXBuildFile; fileRef = 40BC88F120FFAA2E0049CC44 /* HButton.swift */; };
		40E113C02106317200290F9F /* User.swift in Sources */ = {isa = PBXBuildFile; fileRef = 40E113BF2106317200290F9F /* User.swift */; };
		40F67264210416B200784D09 /* Elements.storyboard in Resources */ = {isa = PBXBuildFile; fileRef = 40F67263210416B200784D09 /* Elements.storyboard */; };
		40F6726721041B5000784D09 /* ElementListVC.swift in Sources */ = {isa = PBXBuildFile; fileRef = 40F6726621041B5000784D09 /* ElementListVC.swift */; };
		40F6727221042C1300784D09 /* DataController.swift in Sources */ = {isa = PBXBuildFile; fileRef = 40F6727121042C1300784D09 /* DataController.swift */; };
		40F6727421042C4B00784D09 /* SubCollectionVC.swift in Sources */ = {isa = PBXBuildFile; fileRef = 40F6727321042C4B00784D09 /* SubCollectionVC.swift */; };
		40F6727621042C5900784D09 /* SubTableVC.swift in Sources */ = {isa = PBXBuildFile; fileRef = 40F6727521042C5900784D09 /* SubTableVC.swift */; };
		670CBD7411125318224EBACF /* Pods_ARChemistry.framework in Frameworks */ = {isa = PBXBuildFile; fileRef = FD748A86F5F7457567991A5B /* Pods_ARChemistry.framework */; };
/* End PBXBuildFile section */

/* Begin PBXContainerItemProxy section */
		4045B60720E50F4000E225A5 /* PBXContainerItemProxy */ = {
			isa = PBXContainerItemProxy;
			containerPortal = 4045B5EA20E50F3F00E225A5 /* Project object */;
			proxyType = 1;
			remoteGlobalIDString = 4045B5F120E50F3F00E225A5;
			remoteInfo = ARChemistry;
		};
		4045B61220E50F4100E225A5 /* PBXContainerItemProxy */ = {
			isa = PBXContainerItemProxy;
			containerPortal = 4045B5EA20E50F3F00E225A5 /* Project object */;
			proxyType = 1;
			remoteGlobalIDString = 4045B5F120E50F3F00E225A5;
			remoteInfo = ARChemistry;
		};
/* End PBXContainerItemProxy section */

/* Begin PBXFileReference section */
		0DB87DBF09C5CE2BD967CB01 /* Pods-ARChemistry.debug.xcconfig */ = {isa = PBXFileReference; includeInIndex = 1; lastKnownFileType = text.xcconfig; name = "Pods-ARChemistry.debug.xcconfig"; path = "Pods/Target Support Files/Pods-ARChemistry/Pods-ARChemistry.debug.xcconfig"; sourceTree = "<group>"; };
		12850F0C1D2DB56D3DF5337C /* Pods-ARChemistry.release.xcconfig */ = {isa = PBXFileReference; includeInIndex = 1; lastKnownFileType = text.xcconfig; name = "Pods-ARChemistry.release.xcconfig"; path = "Pods/Target Support Files/Pods-ARChemistry/Pods-ARChemistry.release.xcconfig"; sourceTree = "<group>"; };
		3BEB608520E5246700A234FE /* Main.storyboard */ = {isa = PBXFileReference; fileEncoding = 4; lastKnownFileType = file.storyboard; path = Main.storyboard; sourceTree = "<group>"; };
		3BEB608920E524BC00A234FE /* MenuCell.swift */ = {isa = PBXFileReference; fileEncoding = 4; lastKnownFileType = sourcecode.swift; path = MenuCell.swift; sourceTree = "<group>"; };
		3BEB608A20E524BC00A234FE /* MenuVC.swift */ = {isa = PBXFileReference; fileEncoding = 4; lastKnownFileType = sourcecode.swift; path = MenuVC.swift; sourceTree = "<group>"; };
		3BEB608F20E524ED00A234FE /* BaseVC.swift */ = {isa = PBXFileReference; fileEncoding = 4; lastKnownFileType = sourcecode.swift; path = BaseVC.swift; sourceTree = "<group>"; };
		3BEB609620E5254100A234FE /* Configuration.swift */ = {isa = PBXFileReference; fileEncoding = 4; lastKnownFileType = sourcecode.swift; path = Configuration.swift; sourceTree = "<group>"; };
		3BEB609820E5254100A234FE /* LocationManager.swift */ = {isa = PBXFileReference; fileEncoding = 4; lastKnownFileType = sourcecode.swift; path = LocationManager.swift; sourceTree = "<group>"; };
		3BEB609B20E5254100A234FE /* APIError.swift */ = {isa = PBXFileReference; fileEncoding = 4; lastKnownFileType = sourcecode.swift; path = APIError.swift; sourceTree = "<group>"; };
		3BEB609C20E5254100A234FE /* BaseAPIError.swift */ = {isa = PBXFileReference; fileEncoding = 4; lastKnownFileType = sourcecode.swift; path = BaseAPIError.swift; sourceTree = "<group>"; };
		3BEB609E20E5254100A234FE /* MessageKeys.swift */ = {isa = PBXFileReference; fileEncoding = 4; lastKnownFileType = sourcecode.swift; path = MessageKeys.swift; sourceTree = "<group>"; };
		3BEB60A120E5254100A234FE /* APIService.swift */ = {isa = PBXFileReference; fileEncoding = 4; lastKnownFileType = sourcecode.swift; path = APIService.swift; sourceTree = "<group>"; };
		3BEB60A220E5254100A234FE /* APIService+Profile.swift */ = {isa = PBXFileReference; fileEncoding = 4; lastKnownFileType = sourcecode.swift; path = "APIService+Profile.swift"; sourceTree = "<group>"; };
		3BEB60AF20E526A500A234FE /* Constants.swift */ = {isa = PBXFileReference; fileEncoding = 4; lastKnownFileType = sourcecode.swift; path = Constants.swift; sourceTree = "<group>"; };
		3BEB60B920E527CB00A234FE /* Login.storyboard */ = {isa = PBXFileReference; fileEncoding = 4; lastKnownFileType = file.storyboard; path = Login.storyboard; sourceTree = "<group>"; };
		3BEB60BC20E5284100A234FE /* ValidateUtils.swift */ = {isa = PBXFileReference; fileEncoding = 4; lastKnownFileType = sourcecode.swift; path = ValidateUtils.swift; sourceTree = "<group>"; };
		3BEB60BE20E5284100A234FE /* UIButton+Ext.swift */ = {isa = PBXFileReference; fileEncoding = 4; lastKnownFileType = sourcecode.swift; path = "UIButton+Ext.swift"; sourceTree = "<group>"; };
		3BEB60BF20E5284100A234FE /* UIKit+IB.swift */ = {isa = PBXFileReference; fileEncoding = 4; lastKnownFileType = sourcecode.swift; path = "UIKit+IB.swift"; sourceTree = "<group>"; };
		3BEB60C020E5284100A234FE /* UIColor+Ext.swift */ = {isa = PBXFileReference; fileEncoding = 4; lastKnownFileType = sourcecode.swift; path = "UIColor+Ext.swift"; sourceTree = "<group>"; };
		3BEB60C120E5284100A234FE /* UIView+Ext.swift */ = {isa = PBXFileReference; fileEncoding = 4; lastKnownFileType = sourcecode.swift; path = "UIView+Ext.swift"; sourceTree = "<group>"; };
		3BEB60C220E5284100A234FE /* MoneyUtils.swift */ = {isa = PBXFileReference; fileEncoding = 4; lastKnownFileType = sourcecode.swift; path = MoneyUtils.swift; sourceTree = "<group>"; };
		3BEB60CA20E5289D00A234FE /* BaseDto.swift */ = {isa = PBXFileReference; fileEncoding = 4; lastKnownFileType = sourcecode.swift; path = BaseDto.swift; sourceTree = "<group>"; };
		3BEB60CD20E5291600A234FE /* MainVC.swift */ = {isa = PBXFileReference; fileEncoding = 4; lastKnownFileType = sourcecode.swift; path = MainVC.swift; sourceTree = "<group>"; };
		3BEB60D020E5299900A234FE /* LoginDto.swift */ = {isa = PBXFileReference; fileEncoding = 4; lastKnownFileType = sourcecode.swift; path = LoginDto.swift; sourceTree = "<group>"; };
		3BEB60D320E529B400A234FE /* RegisterDto.swift */ = {isa = PBXFileReference; fileEncoding = 4; lastKnownFileType = sourcecode.swift; path = RegisterDto.swift; sourceTree = "<group>"; };
		3BEB60D720E52A3900A234FE /* NSAtribitedString+Ext.swift */ = {isa = PBXFileReference; fileEncoding = 4; lastKnownFileType = sourcecode.swift; path = "NSAtribitedString+Ext.swift"; sourceTree = "<group>"; };
		3BEB60DE20E52A8A00A234FE /* BaseClvCell.swift */ = {isa = PBXFileReference; fileEncoding = 4; lastKnownFileType = sourcecode.swift; path = BaseClvCell.swift; sourceTree = "<group>"; };
		3BEB60E420E52ABC00A234FE /* BaseTbvCell.swift */ = {isa = PBXFileReference; fileEncoding = 4; lastKnownFileType = sourcecode.swift; path = BaseTbvCell.swift; sourceTree = "<group>"; };
		3BEB60E620E52C2D00A234FE /* BaseNV.swift */ = {isa = PBXFileReference; fileEncoding = 4; lastKnownFileType = sourcecode.swift; path = BaseNV.swift; sourceTree = "<group>"; };
		401164EA21008973003C0180 /* GoogleService-Info.plist */ = {isa = PBXFileReference; fileEncoding = 4; lastKnownFileType = text.plist.xml; path = "GoogleService-Info.plist"; sourceTree = "<group>"; };
		4011BEBB2105759E00A928C4 /* SubCollectionVCFlowLayout.swift */ = {isa = PBXFileReference; lastKnownFileType = sourcecode.swift; path = SubCollectionVCFlowLayout.swift; sourceTree = "<group>"; };
		4011BEBD2105764900A928C4 /* ElementCollectionCell.swift */ = {isa = PBXFileReference; lastKnownFileType = sourcecode.swift; path = ElementCollectionCell.swift; sourceTree = "<group>"; };
		4011BEBE2105764900A928C4 /* ElementCollectionCell.xib */ = {isa = PBXFileReference; lastKnownFileType = file.xib; path = ElementCollectionCell.xib; sourceTree = "<group>"; };
		402AEEF52108711900F3690C /* PeriodicCellFlow.swift */ = {isa = PBXFileReference; lastKnownFileType = sourcecode.swift; path = PeriodicCellFlow.swift; sourceTree = "<group>"; };
		402AEEF82108715F00F3690C /* PeriodicCell.swift */ = {isa = PBXFileReference; lastKnownFileType = sourcecode.swift; path = PeriodicCell.swift; sourceTree = "<group>"; };
		402AEEF92108715F00F3690C /* PeriodicCell.xib */ = {isa = PBXFileReference; lastKnownFileType = file.xib; path = PeriodicCell.xib; sourceTree = "<group>"; };
		402AEEFE21088B6E00F3690C /* ItemCell.swift */ = {isa = PBXFileReference; lastKnownFileType = sourcecode.swift; path = ItemCell.swift; sourceTree = "<group>"; };
		402AEF0221088B8C00F3690C /* PickerItemVC.swift */ = {isa = PBXFileReference; lastKnownFileType = sourcecode.swift; path = PickerItemVC.swift; sourceTree = "<group>"; };
		402AEF0721088BB100F3690C /* Common.storyboard */ = {isa = PBXFileReference; lastKnownFileType = file.storyboard; path = Common.storyboard; sourceTree = "<group>"; };
		402AEF0A2108D78A00F3690C /* WebVC.swift */ = {isa = PBXFileReference; lastKnownFileType = sourcecode.swift; path = WebVC.swift; sourceTree = "<group>"; };
		402FE27C2101BAC80068048C /* Profile.storyboard */ = {isa = PBXFileReference; lastKnownFileType = file.storyboard; path = Profile.storyboard; sourceTree = "<group>"; };
		402FE27F2101BFE10068048C /* ProfileVC.swift */ = {isa = PBXFileReference; lastKnownFileType = sourcecode.swift; path = ProfileVC.swift; sourceTree = "<group>"; };
		402FE2822101C0010068048C /* ProfileCell.swift */ = {isa = PBXFileReference; lastKnownFileType = sourcecode.swift; path = ProfileCell.swift; sourceTree = "<group>"; };
		402FE2862102D3A20068048C /* UIAlertViewController + Ext.swift */ = {isa = PBXFileReference; lastKnownFileType = sourcecode.swift; path = "UIAlertViewController + Ext.swift"; sourceTree = "<group>"; };
		402FE2892102D6580068048C /* HTextfield.swift */ = {isa = PBXFileReference; lastKnownFileType = sourcecode.swift; path = HTextfield.swift; sourceTree = "<group>"; };
		402FE28B2102D7960068048C /* Common+Extensions.swift */ = {isa = PBXFileReference; fileEncoding = 4; lastKnownFileType = sourcecode.swift; path = "Common+Extensions.swift"; sourceTree = "<group>"; };
		402FE2902102D9330068048C /* OneTextFieldViewController.swift */ = {isa = PBXFileReference; fileEncoding = 4; lastKnownFileType = sourcecode.swift; path = OneTextFieldViewController.swift; sourceTree = "<group>"; };
		402FE2912102D9330068048C /* TwoTextFieldsViewController.swift */ = {isa = PBXFileReference; fileEncoding = 4; lastKnownFileType = sourcecode.swift; path = TwoTextFieldsViewController.swift; sourceTree = "<group>"; };
		402FE2942102DA910068048C /* UITextField+Extensions.swift */ = {isa = PBXFileReference; fileEncoding = 4; lastKnownFileType = sourcecode.swift; path = "UITextField+Extensions.swift"; sourceTree = "<group>"; };
		402FE2972102E28C0068048C /* DatePickerViewController.swift */ = {isa = PBXFileReference; fileEncoding = 4; lastKnownFileType = sourcecode.swift; path = DatePickerViewController.swift; sourceTree = "<group>"; };
		402FE29A2102E6C30068048C /* PickerViewViewController.swift */ = {isa = PBXFileReference; fileEncoding = 4; lastKnownFileType = sourcecode.swift; path = PickerViewViewController.swift; sourceTree = "<group>"; };
		402FE29D210313690068048C /* ChangePassVC.swift */ = {isa = PBXFileReference; lastKnownFileType = sourcecode.swift; path = ChangePassVC.swift; sourceTree = "<group>"; };
		402FE29F210334BA0068048C /* TransitionButton.framework */ = {isa = PBXFileReference; explicitFileType = wrapper.framework; path = TransitionButton.framework; sourceTree = BUILT_PRODUCTS_DIR; };
		403832FE20FFB7C1005E3940 /* video_background.mp4 */ = {isa = PBXFileReference; lastKnownFileType = file; path = video_background.mp4; sourceTree = "<group>"; };
		403A28EA2105064100BF0099 /* SubTableVCFowLayout.swift */ = {isa = PBXFileReference; lastKnownFileType = sourcecode.swift; path = SubTableVCFowLayout.swift; sourceTree = "<group>"; };
		403A28ED2105092800BF0099 /* ElementTableCell.swift */ = {isa = PBXFileReference; lastKnownFileType = sourcecode.swift; path = ElementTableCell.swift; sourceTree = "<group>"; };
		403A28EF2105098C00BF0099 /* ElementTableCell.xib */ = {isa = PBXFileReference; lastKnownFileType = file.xib; path = ElementTableCell.xib; sourceTree = "<group>"; };
		4040BF5D20F315D8000158A0 /* Setting.storyboard */ = {isa = PBXFileReference; lastKnownFileType = file.storyboard; path = Setting.storyboard; sourceTree = "<group>"; };
		4040BF5F20F31601000158A0 /* SettingVC.swift */ = {isa = PBXFileReference; lastKnownFileType = sourcecode.swift; path = SettingVC.swift; sourceTree = "<group>"; };
		4040BF6120F31776000158A0 /* ARKit.swift */ = {isa = PBXFileReference; lastKnownFileType = sourcecode.swift; path = ARKit.swift; sourceTree = "<group>"; };
		4040BF6320F31E96000158A0 /* PeriodicTable.swift */ = {isa = PBXFileReference; lastKnownFileType = sourcecode.swift; path = PeriodicTable.swift; sourceTree = "<group>"; };
		4040BF6720F32720000158A0 /* table.json */ = {isa = PBXFileReference; fileEncoding = 4; lastKnownFileType = text.json; path = table.json; sourceTree = "<group>"; };
		4045B5F220E50F3F00E225A5 /* ARChemistry.app */ = {isa = PBXFileReference; explicitFileType = wrapper.application; includeInIndex = 0; path = ARChemistry.app; sourceTree = BUILT_PRODUCTS_DIR; };
		4045B5F520E50F3F00E225A5 /* AppDelegate.swift */ = {isa = PBXFileReference; lastKnownFileType = sourcecode.swift; path = AppDelegate.swift; sourceTree = "<group>"; };
		4045B5FC20E50F4000E225A5 /* Assets.xcassets */ = {isa = PBXFileReference; lastKnownFileType = folder.assetcatalog; path = Assets.xcassets; sourceTree = "<group>"; };
		4045B5FF20E50F4000E225A5 /* Base */ = {isa = PBXFileReference; lastKnownFileType = file.storyboard; name = Base; path = Base.lproj/LaunchScreen.storyboard; sourceTree = "<group>"; };
		4045B60120E50F4000E225A5 /* Info.plist */ = {isa = PBXFileReference; lastKnownFileType = text.plist.xml; path = Info.plist; sourceTree = "<group>"; };
		4045B60620E50F4000E225A5 /* ARChemistryTests.xctest */ = {isa = PBXFileReference; explicitFileType = wrapper.cfbundle; includeInIndex = 0; path = ARChemistryTests.xctest; sourceTree = BUILT_PRODUCTS_DIR; };
		4045B60A20E50F4000E225A5 /* ARChemistryTests.swift */ = {isa = PBXFileReference; lastKnownFileType = sourcecode.swift; path = ARChemistryTests.swift; sourceTree = "<group>"; };
		4045B60C20E50F4000E225A5 /* Info.plist */ = {isa = PBXFileReference; lastKnownFileType = text.plist.xml; path = Info.plist; sourceTree = "<group>"; };
		4045B61120E50F4100E225A5 /* ARChemistryUITests.xctest */ = {isa = PBXFileReference; explicitFileType = wrapper.cfbundle; includeInIndex = 0; path = ARChemistryUITests.xctest; sourceTree = BUILT_PRODUCTS_DIR; };
		4045B61520E50F4100E225A5 /* ARChemistryUITests.swift */ = {isa = PBXFileReference; lastKnownFileType = sourcecode.swift; path = ARChemistryUITests.swift; sourceTree = "<group>"; };
		4045B61720E50F4100E225A5 /* Info.plist */ = {isa = PBXFileReference; lastKnownFileType = text.plist.xml; path = Info.plist; sourceTree = "<group>"; };
		404CF4F5210953EF00B21C96 /* ScrollMenu.swift */ = {isa = PBXFileReference; lastKnownFileType = sourcecode.swift; path = ScrollMenu.swift; sourceTree = "<group>"; };
		404CF4F92109D7A200B21C96 /* PickerItemCell.swift */ = {isa = PBXFileReference; lastKnownFileType = sourcecode.swift; path = PickerItemCell.swift; sourceTree = "<group>"; };
		404CF4FC210A4BB200B21C96 /* StatusViewController.swift */ = {isa = PBXFileReference; fileEncoding = 4; lastKnownFileType = sourcecode.swift; path = StatusViewController.swift; sourceTree = "<group>"; };
		404CF4FD210A4BB200B21C96 /* VirtualObjectSelection.swift */ = {isa = PBXFileReference; fileEncoding = 4; lastKnownFileType = sourcecode.swift; path = VirtualObjectSelection.swift; sourceTree = "<group>"; };
		404CF501210A4BBE00B21C96 /* FocusSquare.swift */ = {isa = PBXFileReference; fileEncoding = 4; lastKnownFileType = sourcecode.swift; path = FocusSquare.swift; sourceTree = "<group>"; };
		404CF502210A4BBE00B21C96 /* FocusSquareSegment.swift */ = {isa = PBXFileReference; fileEncoding = 4; lastKnownFileType = sourcecode.swift; path = FocusSquareSegment.swift; sourceTree = "<group>"; };
		404CF506210A4BCE00B21C96 /* Utilities.swift */ = {isa = PBXFileReference; fileEncoding = 4; lastKnownFileType = sourcecode.swift; path = Utilities.swift; sourceTree = "<group>"; };
		404CF509210A4BD400B21C96 /* VirtualObject.swift */ = {isa = PBXFileReference; fileEncoding = 4; lastKnownFileType = sourcecode.swift; path = VirtualObject.swift; sourceTree = "<group>"; };
		404CF50A210A4BD400B21C96 /* VirtualObjectLoader.swift */ = {isa = PBXFileReference; fileEncoding = 4; lastKnownFileType = sourcecode.swift; path = VirtualObjectLoader.swift; sourceTree = "<group>"; };
		404CF50E210A4BF500B21C96 /* ViewController+ObjectSelection.swift */ = {isa = PBXFileReference; fileEncoding = 4; lastKnownFileType = sourcecode.swift; path = "ViewController+ObjectSelection.swift"; sourceTree = "<group>"; };
		404CF50F210A4BF600B21C96 /* VirtualObjectARView.swift */ = {isa = PBXFileReference; fileEncoding = 4; lastKnownFileType = sourcecode.swift; path = VirtualObjectARView.swift; sourceTree = "<group>"; };
		404CF510210A4BF700B21C96 /* VirtualObjectInteraction.swift */ = {isa = PBXFileReference; fileEncoding = 4; lastKnownFileType = sourcecode.swift; path = VirtualObjectInteraction.swift; sourceTree = "<group>"; };
		404CF511210A4BF800B21C96 /* ThresholdPanGesture.swift */ = {isa = PBXFileReference; fileEncoding = 4; lastKnownFileType = sourcecode.swift; path = ThresholdPanGesture.swift; sourceTree = "<group>"; };
		404CF512210A4BFA00B21C96 /* ViewController+Actions.swift */ = {isa = PBXFileReference; fileEncoding = 4; lastKnownFileType = sourcecode.swift; path = "ViewController+Actions.swift"; sourceTree = "<group>"; };
		404CF513210A4BFB00B21C96 /* ViewController+ARSCNViewDelegate.swift */ = {isa = PBXFileReference; fileEncoding = 4; lastKnownFileType = sourcecode.swift; path = "ViewController+ARSCNViewDelegate.swift"; sourceTree = "<group>"; };
		404CF51C210A4C3F00B21C96 /* Base */ = {isa = PBXFileReference; lastKnownFileType = file.storyboard; name = Base; path = ../../../../../../Downloads/Handling3DInteractionAndUIControlsInAugmentedReality/ARKitInteraction/Base.lproj/ARKit.storyboard; sourceTree = "<group>"; };
		404CF520210A50B400B21C96 /* Models.scnassets */ = {isa = PBXFileReference; lastKnownFileType = wrapper.scnassets; path = Models.scnassets; sourceTree = "<group>"; };
		4054786D21076FE1002646B0 /* ElementDto.swift */ = {isa = PBXFileReference; lastKnownFileType = sourcecode.swift; path = ElementDto.swift; sourceTree = "<group>"; };
		407089C520F303CD00B922D4 /* PeriodicTable.storyboard */ = {isa = PBXFileReference; lastKnownFileType = file.storyboard; path = PeriodicTable.storyboard; sourceTree = "<group>"; };
		407089CB20F30C9200B922D4 /* PeriodicTableVC.swift */ = {isa = PBXFileReference; lastKnownFileType = sourcecode.swift; path = PeriodicTableVC.swift; sourceTree = "<group>"; };
		407089CF20F3119F00B922D4 /* Style+Navigation.swift */ = {isa = PBXFileReference; lastKnownFileType = sourcecode.swift; path = "Style+Navigation.swift"; sourceTree = "<group>"; };
		407089D120F3120D00B922D4 /* CustomNavigation.swift */ = {isa = PBXFileReference; lastKnownFileType = sourcecode.swift; path = CustomNavigation.swift; sourceTree = "<group>"; };
		40BC88DB20FF9F160049CC44 /* TabBarTopViewCell.swift */ = {isa = PBXFileReference; fileEncoding = 4; lastKnownFileType = sourcecode.swift; path = TabBarTopViewCell.swift; sourceTree = "<group>"; };
		40BC88DC20FF9F160049CC44 /* TabBarTopViewCell.xib */ = {isa = PBXFileReference; fileEncoding = 4; lastKnownFileType = file.xib; path = TabBarTopViewCell.xib; sourceTree = "<group>"; };
		40BC88DD20FF9F160049CC44 /* TabBarTopView.swift */ = {isa = PBXFileReference; fileEncoding = 4; lastKnownFileType = sourcecode.swift; path = TabBarTopView.swift; sourceTree = "<group>"; };
		40BC88DE20FF9F160049CC44 /* TabBarTopView.xib */ = {isa = PBXFileReference; fileEncoding = 4; lastKnownFileType = file.xib; path = TabBarTopView.xib; sourceTree = "<group>"; };
		40BC88E320FF9FAE0049CC44 /* LoginClvCell.swift */ = {isa = PBXFileReference; lastKnownFileType = sourcecode.swift; path = LoginClvCell.swift; sourceTree = "<group>"; };
		40BC88E520FF9FC20049CC44 /* RegisterClvCell.swift */ = {isa = PBXFileReference; lastKnownFileType = sourcecode.swift; path = RegisterClvCell.swift; sourceTree = "<group>"; };
		40BC88E720FF9FFB0049CC44 /* LoginRegisterVC.swift */ = {isa = PBXFileReference; lastKnownFileType = sourcecode.swift; path = LoginRegisterVC.swift; sourceTree = "<group>"; };
		40BC88E920FFA2330049CC44 /* Font.swift */ = {isa = PBXFileReference; lastKnownFileType = sourcecode.swift; path = Font.swift; sourceTree = "<group>"; };
		40BC88EB20FFA2F70049CC44 /* String+Ext.swift */ = {isa = PBXFileReference; lastKnownFileType = sourcecode.swift; path = "String+Ext.swift"; sourceTree = "<group>"; };
		40BC88EF20FFAA240049CC44 /* HView.swift */ = {isa = PBXFileReference; lastKnownFileType = sourcecode.swift; path = HView.swift; sourceTree = "<group>"; };
		40BC88F120FFAA2E0049CC44 /* HButton.swift */ = {isa = PBXFileReference; lastKnownFileType = sourcecode.swift; path = HButton.swift; sourceTree = "<group>"; };
		40E113BF2106317200290F9F /* User.swift */ = {isa = PBXFileReference; lastKnownFileType = sourcecode.swift; path = User.swift; sourceTree = "<group>"; };
		40F67263210416B200784D09 /* Elements.storyboard */ = {isa = PBXFileReference; lastKnownFileType = file.storyboard; path = Elements.storyboard; sourceTree = "<group>"; };
		40F6726621041B5000784D09 /* ElementListVC.swift */ = {isa = PBXFileReference; lastKnownFileType = sourcecode.swift; path = ElementListVC.swift; sourceTree = "<group>"; };
		40F6727121042C1300784D09 /* DataController.swift */ = {isa = PBXFileReference; lastKnownFileType = sourcecode.swift; path = DataController.swift; sourceTree = "<group>"; };
		40F6727321042C4B00784D09 /* SubCollectionVC.swift */ = {isa = PBXFileReference; lastKnownFileType = sourcecode.swift; path = SubCollectionVC.swift; sourceTree = "<group>"; };
		40F6727521042C5900784D09 /* SubTableVC.swift */ = {isa = PBXFileReference; lastKnownFileType = sourcecode.swift; path = SubTableVC.swift; sourceTree = "<group>"; };
		FD748A86F5F7457567991A5B /* Pods_ARChemistry.framework */ = {isa = PBXFileReference; explicitFileType = wrapper.framework; includeInIndex = 0; path = Pods_ARChemistry.framework; sourceTree = BUILT_PRODUCTS_DIR; };
/* End PBXFileReference section */

/* Begin PBXFrameworksBuildPhase section */
		4045B5EF20E50F3F00E225A5 /* Frameworks */ = {
			isa = PBXFrameworksBuildPhase;
			buildActionMask = 2147483647;
			files = (
				402FE2A0210334BA0068048C /* TransitionButton.framework in Frameworks */,
				670CBD7411125318224EBACF /* Pods_ARChemistry.framework in Frameworks */,
			);
			runOnlyForDeploymentPostprocessing = 0;
		};
		4045B60320E50F4000E225A5 /* Frameworks */ = {
			isa = PBXFrameworksBuildPhase;
			buildActionMask = 2147483647;
			files = (
			);
			runOnlyForDeploymentPostprocessing = 0;
		};
		4045B60E20E50F4100E225A5 /* Frameworks */ = {
			isa = PBXFrameworksBuildPhase;
			buildActionMask = 2147483647;
			files = (
			);
			runOnlyForDeploymentPostprocessing = 0;
		};
/* End PBXFrameworksBuildPhase section */

/* Begin PBXGroup section */
		3B13E9DDFB368394BDB4F8FC /* Pods */ = {
			isa = PBXGroup;
			children = (
				0DB87DBF09C5CE2BD967CB01 /* Pods-ARChemistry.debug.xcconfig */,
				12850F0C1D2DB56D3DF5337C /* Pods-ARChemistry.release.xcconfig */,
			);
			name = Pods;
			sourceTree = "<group>";
		};
		3BEB607C20E5230800A234FE /* AppDelegate */ = {
			isa = PBXGroup;
			children = (
				4045B5F520E50F3F00E225A5 /* AppDelegate.swift */,
			);
			path = AppDelegate;
			sourceTree = "<group>";
		};
		3BEB607D20E5231A00A234FE /* ViewControllers */ = {
			isa = PBXGroup;
			children = (
				40F6726521041B2D00784D09 /* Element */,
				402FE27E2101BFC10068048C /* Profile */,
				407089C720F30B5D00B922D4 /* Feature */,
				3BEB60B220E5279B00A234FE /* Login */,
				3BEB608D20E524ED00A234FE /* Base */,
				3BEB608320E523EA00A234FE /* Menu */,
				3BEB607E20E5232C00A234FE /* Main */,
			);
			path = ViewControllers;
			sourceTree = "<group>";
		};
		3BEB607E20E5232C00A234FE /* Main */ = {
			isa = PBXGroup;
			children = (
				3BEB60CC20E5291600A234FE /* MainVC */,
			);
			path = Main;
			sourceTree = "<group>";
		};
		3BEB607F20E5233B00A234FE /* Resources */ = {
			isa = PBXGroup;
			children = (
				4040BF6620F3263F000158A0 /* json */,
				3BEB608120E5234F00A234FE /* Images */,
				3BEB608020E5234300A234FE /* Storyboards */,
			);
			path = Resources;
			sourceTree = "<group>";
		};
		3BEB608020E5234300A234FE /* Storyboards */ = {
			isa = PBXGroup;
			children = (
				3BEB60B920E527CB00A234FE /* Login.storyboard */,
				3BEB608520E5246700A234FE /* Main.storyboard */,
				4045B5FE20E50F4000E225A5 /* LaunchScreen.storyboard */,
				407089C520F303CD00B922D4 /* PeriodicTable.storyboard */,
				404CF51B210A4C3F00B21C96 /* ARKit.storyboard */,
				4040BF5D20F315D8000158A0 /* Setting.storyboard */,
				402FE27C2101BAC80068048C /* Profile.storyboard */,
				40F67263210416B200784D09 /* Elements.storyboard */,
				402AEF0721088BB100F3690C /* Common.storyboard */,
			);
			path = Storyboards;
			sourceTree = "<group>";
		};
		3BEB608120E5234F00A234FE /* Images */ = {
			isa = PBXGroup;
			children = (
				403832FE20FFB7C1005E3940 /* video_background.mp4 */,
				404CF520210A50B400B21C96 /* Models.scnassets */,
				4045B5FC20E50F4000E225A5 /* Assets.xcassets */,
			);
			path = Images;
			sourceTree = "<group>";
		};
		3BEB608220E5236500A234FE /* Suporting Files */ = {
			isa = PBXGroup;
			children = (
				4045B60120E50F4000E225A5 /* Info.plist */,
				401164EA21008973003C0180 /* GoogleService-Info.plist */,
			);
			path = "Suporting Files";
			sourceTree = "<group>";
		};
		3BEB608320E523EA00A234FE /* Menu */ = {
			isa = PBXGroup;
			children = (
				3BEB608720E524BC00A234FE /* MenuVC */,
			);
			path = Menu;
			sourceTree = "<group>";
		};
		3BEB608720E524BC00A234FE /* MenuVC */ = {
			isa = PBXGroup;
			children = (
				3BEB608820E524BC00A234FE /* Cell */,
				3BEB608A20E524BC00A234FE /* MenuVC.swift */,
			);
			path = MenuVC;
			sourceTree = "<group>";
		};
		3BEB608820E524BC00A234FE /* Cell */ = {
			isa = PBXGroup;
			children = (
				3BEB608920E524BC00A234FE /* MenuCell.swift */,
			);
			path = Cell;
			sourceTree = "<group>";
		};
		3BEB608D20E524ED00A234FE /* Base */ = {
			isa = PBXGroup;
			children = (
				3BEB60E320E52ABC00A234FE /* BaseTbvCell */,
				3BEB60DD20E52A8A00A234FE /* BaseClvCell */,
				3BEB608E20E524ED00A234FE /* BaseVC */,
				3BEB609020E524ED00A234FE /* BaseNV */,
			);
			path = Base;
			sourceTree = "<group>";
		};
		3BEB608E20E524ED00A234FE /* BaseVC */ = {
			isa = PBXGroup;
			children = (
				3BEB608F20E524ED00A234FE /* BaseVC.swift */,
			);
			path = BaseVC;
			sourceTree = "<group>";
		};
		3BEB609020E524ED00A234FE /* BaseNV */ = {
			isa = PBXGroup;
			children = (
				3BEB60E620E52C2D00A234FE /* BaseNV.swift */,
			);
			path = BaseNV;
			sourceTree = "<group>";
		};
		3BEB609420E5254100A234FE /* Manager */ = {
			isa = PBXGroup;
			children = (
				3BEB609520E5254100A234FE /* Configuration */,
				3BEB609720E5254100A234FE /* Location Manager */,
				3BEB609920E5254100A234FE /* Service */,
			);
			path = Manager;
			sourceTree = "<group>";
		};
		3BEB609520E5254100A234FE /* Configuration */ = {
			isa = PBXGroup;
			children = (
				3BEB609620E5254100A234FE /* Configuration.swift */,
			);
			path = Configuration;
			sourceTree = "<group>";
		};
		3BEB609720E5254100A234FE /* Location Manager */ = {
			isa = PBXGroup;
			children = (
				3BEB609820E5254100A234FE /* LocationManager.swift */,
			);
			path = "Location Manager";
			sourceTree = "<group>";
		};
		3BEB609920E5254100A234FE /* Service */ = {
			isa = PBXGroup;
			children = (
				3BEB609A20E5254100A234FE /* API Errors */,
				3BEB609D20E5254100A234FE /* Keys */,
				3BEB609F20E5254100A234FE /* APIService */,
			);
			path = Service;
			sourceTree = "<group>";
		};
		3BEB609A20E5254100A234FE /* API Errors */ = {
			isa = PBXGroup;
			children = (
				3BEB609B20E5254100A234FE /* APIError.swift */,
				3BEB609C20E5254100A234FE /* BaseAPIError.swift */,
			);
			path = "API Errors";
			sourceTree = "<group>";
		};
		3BEB609D20E5254100A234FE /* Keys */ = {
			isa = PBXGroup;
			children = (
				3BEB609E20E5254100A234FE /* MessageKeys.swift */,
			);
			path = Keys;
			sourceTree = "<group>";
		};
		3BEB609F20E5254100A234FE /* APIService */ = {
			isa = PBXGroup;
			children = (
				3BEB60A120E5254100A234FE /* APIService.swift */,
				3BEB60A220E5254100A234FE /* APIService+Profile.swift */,
			);
			path = APIService;
			sourceTree = "<group>";
		};
		3BEB60AB20E5263300A234FE /* Models */ = {
			isa = PBXGroup;
			children = (
				3BEB60D220E529B400A234FE /* RegisterDto */,
				3BEB60CF20E5299900A234FE /* LoginDto */,
				3BEB60C920E5289D00A234FE /* BaseDto */,
				4054786A21076C2C002646B0 /* ElementDto */,
				3BEB60AC20E5266500A234FE /* UserDto */,
			);
			path = Models;
			sourceTree = "<group>";
		};
		3BEB60AC20E5266500A234FE /* UserDto */ = {
			isa = PBXGroup;
			children = (
				40E113BF2106317200290F9F /* User.swift */,
			);
			path = UserDto;
			sourceTree = "<group>";
		};
		3BEB60B120E526AD00A234FE /* App */ = {
			isa = PBXGroup;
			children = (
				3BEB60AF20E526A500A234FE /* Constants.swift */,
				3BEB607C20E5230800A234FE /* AppDelegate */,
				3BEB60BB20E5284100A234FE /* Utils */,
				3BEB60AB20E5263300A234FE /* Models */,
				407089CD20F3115700B922D4 /* VIews */,
				3BEB607D20E5231A00A234FE /* ViewControllers */,
				3BEB609420E5254100A234FE /* Manager */,
			);
			path = App;
			sourceTree = "<group>";
		};
		3BEB60B220E5279B00A234FE /* Login */ = {
			isa = PBXGroup;
			children = (
				3BEB60B320E5279B00A234FE /* LoginVC */,
				3BEB60B520E5279B00A234FE /* ResgisterVC */,
				40BC88E720FF9FFB0049CC44 /* LoginRegisterVC.swift */,
			);
			path = Login;
			sourceTree = "<group>";
		};
		3BEB60B320E5279B00A234FE /* LoginVC */ = {
			isa = PBXGroup;
			children = (
				40BC88E320FF9FAE0049CC44 /* LoginClvCell.swift */,
			);
			path = LoginVC;
			sourceTree = "<group>";
		};
		3BEB60B520E5279B00A234FE /* ResgisterVC */ = {
			isa = PBXGroup;
			children = (
				40BC88E520FF9FC20049CC44 /* RegisterClvCell.swift */,
			);
			path = ResgisterVC;
			sourceTree = "<group>";
		};
		3BEB60BB20E5284100A234FE /* Utils */ = {
			isa = PBXGroup;
			children = (
				3BEB60BD20E5284100A234FE /* Extensions */,
				402FE28E2102D9230068048C /* Picker */,
				3BEB60BC20E5284100A234FE /* ValidateUtils.swift */,
				3BEB60C220E5284100A234FE /* MoneyUtils.swift */,
			);
			path = Utils;
			sourceTree = "<group>";
		};
		3BEB60BD20E5284100A234FE /* Extensions */ = {
			isa = PBXGroup;
			children = (
				40BC88E920FFA2330049CC44 /* Font.swift */,
				3BEB60D720E52A3900A234FE /* NSAtribitedString+Ext.swift */,
				3BEB60BE20E5284100A234FE /* UIButton+Ext.swift */,
				402FE28B2102D7960068048C /* Common+Extensions.swift */,
				3BEB60BF20E5284100A234FE /* UIKit+IB.swift */,
				3BEB60C020E5284100A234FE /* UIColor+Ext.swift */,
				3BEB60C120E5284100A234FE /* UIView+Ext.swift */,
				40BC88EB20FFA2F70049CC44 /* String+Ext.swift */,
				402FE2942102DA910068048C /* UITextField+Extensions.swift */,
				402FE2862102D3A20068048C /* UIAlertViewController + Ext.swift */,
			);
			path = Extensions;
			sourceTree = "<group>";
		};
		3BEB60C920E5289D00A234FE /* BaseDto */ = {
			isa = PBXGroup;
			children = (
				3BEB60CA20E5289D00A234FE /* BaseDto.swift */,
			);
			path = BaseDto;
			sourceTree = "<group>";
		};
		3BEB60CC20E5291600A234FE /* MainVC */ = {
			isa = PBXGroup;
			children = (
				3BEB60CD20E5291600A234FE /* MainVC.swift */,
			);
			path = MainVC;
			sourceTree = "<group>";
		};
		3BEB60CF20E5299900A234FE /* LoginDto */ = {
			isa = PBXGroup;
			children = (
				3BEB60D020E5299900A234FE /* LoginDto.swift */,
			);
			path = LoginDto;
			sourceTree = "<group>";
		};
		3BEB60D220E529B400A234FE /* RegisterDto */ = {
			isa = PBXGroup;
			children = (
				3BEB60D320E529B400A234FE /* RegisterDto.swift */,
			);
			path = RegisterDto;
			sourceTree = "<group>";
		};
		3BEB60DD20E52A8A00A234FE /* BaseClvCell */ = {
			isa = PBXGroup;
			children = (
				3BEB60DE20E52A8A00A234FE /* BaseClvCell.swift */,
			);
			path = BaseClvCell;
			sourceTree = "<group>";
		};
		3BEB60E320E52ABC00A234FE /* BaseTbvCell */ = {
			isa = PBXGroup;
			children = (
				3BEB60E420E52ABC00A234FE /* BaseTbvCell.swift */,
			);
			path = BaseTbvCell;
			sourceTree = "<group>";
		};
		4011BEBA2105757B00A928C4 /* Cell */ = {
			isa = PBXGroup;
			children = (
				4011BEBB2105759E00A928C4 /* SubCollectionVCFlowLayout.swift */,
				4011BEBD2105764900A928C4 /* ElementCollectionCell.swift */,
				4011BEBE2105764900A928C4 /* ElementCollectionCell.xib */,
			);
			path = Cell;
			sourceTree = "<group>";
		};
		402AEEF72108712B00F3690C /* Cell */ = {
			isa = PBXGroup;
			children = (
				402AEEF52108711900F3690C /* PeriodicCellFlow.swift */,
				402AEEF82108715F00F3690C /* PeriodicCell.swift */,
				402AEEF92108715F00F3690C /* PeriodicCell.xib */,
			);
			path = Cell;
			sourceTree = "<group>";
		};
		402AEEFC21088ACE00F3690C /* Common */ = {
			isa = PBXGroup;
			children = (
				402AEF092108D77000F3690C /* WebVC */,
				402AEEFD21088B3700F3690C /* PickerItemVC */,
			);
			path = Common;
			sourceTree = "<group>";
		};
		402AEEFD21088B3700F3690C /* PickerItemVC */ = {
			isa = PBXGroup;
			children = (
				404CF4F82109D77600B21C96 /* Cell */,
				404CF4F22109522000B21C96 /* ScrollMenu */,
				402AEF0221088B8C00F3690C /* PickerItemVC.swift */,
			);
			path = PickerItemVC;
			sourceTree = "<group>";
		};
		402AEF0621088B9900F3690C /* Cell */ = {
			isa = PBXGroup;
			children = (
				402AEEFE21088B6E00F3690C /* ItemCell.swift */,
			);
			path = Cell;
			sourceTree = "<group>";
		};
		402AEF092108D77000F3690C /* WebVC */ = {
			isa = PBXGroup;
			children = (
				402AEF0A2108D78A00F3690C /* WebVC.swift */,
			);
			path = WebVC;
			sourceTree = "<group>";
		};
		402FE27E2101BFC10068048C /* Profile */ = {
			isa = PBXGroup;
			children = (
				402FE29C2103134B0068048C /* ChangePassVC */,
				402FE2812101BFE50068048C /* ProfileCell */,
				402FE27F2101BFE10068048C /* ProfileVC.swift */,
			);
			path = Profile;
			sourceTree = "<group>";
		};
		402FE2812101BFE50068048C /* ProfileCell */ = {
			isa = PBXGroup;
			children = (
				402FE2822101C0010068048C /* ProfileCell.swift */,
			);
			path = ProfileCell;
			sourceTree = "<group>";
		};
		402FE2882102D6400068048C /* HTextfiled */ = {
			isa = PBXGroup;
			children = (
				402FE2892102D6580068048C /* HTextfield.swift */,
			);
			path = HTextfiled;
			sourceTree = "<group>";
		};
		402FE28E2102D9230068048C /* Picker */ = {
			isa = PBXGroup;
			children = (
				402FE2992102E6C30068048C /* PickerView */,
				402FE2962102E28C0068048C /* Date */,
				402FE28F2102D9330068048C /* TextFields */,
			);
			path = Picker;
			sourceTree = "<group>";
		};
		402FE28F2102D9330068048C /* TextFields */ = {
			isa = PBXGroup;
			children = (
				402FE2902102D9330068048C /* OneTextFieldViewController.swift */,
				402FE2912102D9330068048C /* TwoTextFieldsViewController.swift */,
			);
			path = TextFields;
			sourceTree = "<group>";
		};
		402FE2962102E28C0068048C /* Date */ = {
			isa = PBXGroup;
			children = (
				402FE2972102E28C0068048C /* DatePickerViewController.swift */,
			);
			path = Date;
			sourceTree = "<group>";
		};
		402FE2992102E6C30068048C /* PickerView */ = {
			isa = PBXGroup;
			children = (
				402FE29A2102E6C30068048C /* PickerViewViewController.swift */,
			);
			path = PickerView;
			sourceTree = "<group>";
		};
		402FE29C2103134B0068048C /* ChangePassVC */ = {
			isa = PBXGroup;
			children = (
				402FE29D210313690068048C /* ChangePassVC.swift */,
			);
			path = ChangePassVC;
			sourceTree = "<group>";
		};
		403A28E82104EB1000BF0099 /* SubVC */ = {
			isa = PBXGroup;
			children = (
				403A28F121050DFA00BF0099 /* SubCollectionVC */,
				403A28E92105060400BF0099 /* SubTableVC */,
			);
			path = SubVC;
			sourceTree = "<group>";
		};
		403A28E92105060400BF0099 /* SubTableVC */ = {
			isa = PBXGroup;
			children = (
				403A28EC2105091900BF0099 /* Cell */,
				40F6727521042C5900784D09 /* SubTableVC.swift */,
			);
			path = SubTableVC;
			sourceTree = "<group>";
		};
		403A28EC2105091900BF0099 /* Cell */ = {
			isa = PBXGroup;
			children = (
				403A28EA2105064100BF0099 /* SubTableVCFowLayout.swift */,
				403A28ED2105092800BF0099 /* ElementTableCell.swift */,
				403A28EF2105098C00BF0099 /* ElementTableCell.xib */,
			);
			path = Cell;
			sourceTree = "<group>";
		};
		403A28F121050DFA00BF0099 /* SubCollectionVC */ = {
			isa = PBXGroup;
			children = (
				4011BEBA2105757B00A928C4 /* Cell */,
				40F6727321042C4B00784D09 /* SubCollectionVC.swift */,
			);
			path = SubCollectionVC;
			sourceTree = "<group>";
		};
		4040BF6520F31E9C000158A0 /* View */ = {
			isa = PBXGroup;
			children = (
				4040BF6320F31E96000158A0 /* PeriodicTable.swift */,
			);
			path = View;
			sourceTree = "<group>";
		};
		4040BF6620F3263F000158A0 /* json */ = {
			isa = PBXGroup;
			children = (
				4040BF6720F32720000158A0 /* table.json */,
			);
			path = json;
			sourceTree = "<group>";
		};
		4045B5E920E50F3F00E225A5 = {
			isa = PBXGroup;
			children = (
				4045B5F420E50F3F00E225A5 /* ARChemistry */,
				4045B60920E50F4000E225A5 /* ARChemistryTests */,
				4045B61420E50F4100E225A5 /* ARChemistryUITests */,
				4045B5F320E50F3F00E225A5 /* Products */,
				3B13E9DDFB368394BDB4F8FC /* Pods */,
				779C234AA47064025A4DCB08 /* Frameworks */,
			);
			sourceTree = "<group>";
		};
		4045B5F320E50F3F00E225A5 /* Products */ = {
			isa = PBXGroup;
			children = (
				4045B5F220E50F3F00E225A5 /* ARChemistry.app */,
				4045B60620E50F4000E225A5 /* ARChemistryTests.xctest */,
				4045B61120E50F4100E225A5 /* ARChemistryUITests.xctest */,
			);
			name = Products;
			sourceTree = "<group>";
		};
		4045B5F420E50F3F00E225A5 /* ARChemistry */ = {
			isa = PBXGroup;
			children = (
				3BEB60B120E526AD00A234FE /* App */,
				3BEB608220E5236500A234FE /* Suporting Files */,
				3BEB607F20E5233B00A234FE /* Resources */,
			);
			path = ARChemistry;
			sourceTree = "<group>";
		};
		4045B60920E50F4000E225A5 /* ARChemistryTests */ = {
			isa = PBXGroup;
			children = (
				4045B60A20E50F4000E225A5 /* ARChemistryTests.swift */,
				4045B60C20E50F4000E225A5 /* Info.plist */,
			);
			path = ARChemistryTests;
			sourceTree = "<group>";
		};
		4045B61420E50F4100E225A5 /* ARChemistryUITests */ = {
			isa = PBXGroup;
			children = (
				4045B61520E50F4100E225A5 /* ARChemistryUITests.swift */,
				4045B61720E50F4100E225A5 /* Info.plist */,
			);
			path = ARChemistryUITests;
			sourceTree = "<group>";
		};
		404CF4F22109522000B21C96 /* ScrollMenu */ = {
			isa = PBXGroup;
			children = (
				402AEF0621088B9900F3690C /* Cell */,
				404CF4F5210953EF00B21C96 /* ScrollMenu.swift */,
			);
			path = ScrollMenu;
			sourceTree = "<group>";
		};
		404CF4F82109D77600B21C96 /* Cell */ = {
			isa = PBXGroup;
			children = (
				404CF4F92109D7A200B21C96 /* PickerItemCell.swift */,
			);
			path = Cell;
			sourceTree = "<group>";
		};
		404CF4FB210A4BB200B21C96 /* Additional View Controllers */ = {
			isa = PBXGroup;
			children = (
				404CF4FC210A4BB200B21C96 /* StatusViewController.swift */,
				404CF4FD210A4BB200B21C96 /* VirtualObjectSelection.swift */,
			);
			path = "Additional View Controllers";
			sourceTree = "<group>";
		};
		404CF500210A4BBE00B21C96 /* Focus Square */ = {
			isa = PBXGroup;
			children = (
				404CF501210A4BBE00B21C96 /* FocusSquare.swift */,
				404CF502210A4BBE00B21C96 /* FocusSquareSegment.swift */,
			);
			path = "Focus Square";
			sourceTree = "<group>";
		};
		404CF505210A4BCE00B21C96 /* Utilities */ = {
			isa = PBXGroup;
			children = (
				404CF506210A4BCE00B21C96 /* Utilities.swift */,
			);
			path = Utilities;
			sourceTree = "<group>";
		};
		404CF508210A4BD400B21C96 /* Virtual Objects */ = {
			isa = PBXGroup;
			children = (
				404CF509210A4BD400B21C96 /* VirtualObject.swift */,
				404CF50A210A4BD400B21C96 /* VirtualObjectLoader.swift */,
			);
			path = "Virtual Objects";
			sourceTree = "<group>";
		};
		4054786A21076C2C002646B0 /* ElementDto */ = {
			isa = PBXGroup;
			children = (
				4054786D21076FE1002646B0 /* ElementDto.swift */,
			);
			path = ElementDto;
			sourceTree = "<group>";
		};
		407089C720F30B5D00B922D4 /* Feature */ = {
			isa = PBXGroup;
			children = (
				407089C820F30B6A00B922D4 /* PeriodicTable */,
				407089C920F30B7800B922D4 /* ARKit */,
				407089CA20F30B8900B922D4 /* Setting */,
			);
			path = Feature;
			sourceTree = "<group>";
		};
		407089C820F30B6A00B922D4 /* PeriodicTable */ = {
			isa = PBXGroup;
			children = (
				402AEEF72108712B00F3690C /* Cell */,
				4040BF6520F31E9C000158A0 /* View */,
				407089CB20F30C9200B922D4 /* PeriodicTableVC.swift */,
			);
			path = PeriodicTable;
			sourceTree = "<group>";
		};
		407089C920F30B7800B922D4 /* ARKit */ = {
			isa = PBXGroup;
			children = (
				404CF508210A4BD400B21C96 /* Virtual Objects */,
				404CF505210A4BCE00B21C96 /* Utilities */,
				404CF500210A4BBE00B21C96 /* Focus Square */,
				404CF4FB210A4BB200B21C96 /* Additional View Controllers */,
				4040BF6120F31776000158A0 /* ARKit.swift */,
				404CF511210A4BF800B21C96 /* ThresholdPanGesture.swift */,
				404CF512210A4BFA00B21C96 /* ViewController+Actions.swift */,
				404CF513210A4BFB00B21C96 /* ViewController+ARSCNViewDelegate.swift */,
				404CF50E210A4BF500B21C96 /* ViewController+ObjectSelection.swift */,
				404CF50F210A4BF600B21C96 /* VirtualObjectARView.swift */,
				404CF510210A4BF700B21C96 /* VirtualObjectInteraction.swift */,
			);
			path = ARKit;
			sourceTree = "<group>";
		};
		407089CA20F30B8900B922D4 /* Setting */ = {
			isa = PBXGroup;
			children = (
				4040BF5F20F31601000158A0 /* SettingVC.swift */,
			);
			path = Setting;
			sourceTree = "<group>";
		};
		407089CD20F3115700B922D4 /* VIews */ = {
			isa = PBXGroup;
			children = (
				402AEEFC21088ACE00F3690C /* Common */,
				402FE2882102D6400068048C /* HTextfiled */,
				40BC88EE20FFAA0C0049CC44 /* HButton */,
				40BC88ED20FFAA050049CC44 /* HView */,
				40BC88D920FF9F160049CC44 /* TabBarTopView */,
				407089CE20F3116B00B922D4 /* Navigation */,
			);
			path = VIews;
			sourceTree = "<group>";
		};
		407089CE20F3116B00B922D4 /* Navigation */ = {
			isa = PBXGroup;
			children = (
				407089CF20F3119F00B922D4 /* Style+Navigation.swift */,
				407089D120F3120D00B922D4 /* CustomNavigation.swift */,
			);
			path = Navigation;
			sourceTree = "<group>";
		};
		40BC88D920FF9F160049CC44 /* TabBarTopView */ = {
			isa = PBXGroup;
			children = (
				40BC88DA20FF9F160049CC44 /* Cell */,
				40BC88DD20FF9F160049CC44 /* TabBarTopView.swift */,
				40BC88DE20FF9F160049CC44 /* TabBarTopView.xib */,
			);
			path = TabBarTopView;
			sourceTree = "<group>";
		};
		40BC88DA20FF9F160049CC44 /* Cell */ = {
			isa = PBXGroup;
			children = (
				40BC88DB20FF9F160049CC44 /* TabBarTopViewCell.swift */,
				40BC88DC20FF9F160049CC44 /* TabBarTopViewCell.xib */,
			);
			path = Cell;
			sourceTree = "<group>";
		};
		40BC88ED20FFAA050049CC44 /* HView */ = {
			isa = PBXGroup;
			children = (
				40BC88EF20FFAA240049CC44 /* HView.swift */,
			);
			path = HView;
			sourceTree = "<group>";
		};
		40BC88EE20FFAA0C0049CC44 /* HButton */ = {
			isa = PBXGroup;
			children = (
				40BC88F120FFAA2E0049CC44 /* HButton.swift */,
			);
			path = HButton;
			sourceTree = "<group>";
		};
		40F6726521041B2D00784D09 /* Element */ = {
			isa = PBXGroup;
			children = (
				403A28E82104EB1000BF0099 /* SubVC */,
				40F6727021042BFF00784D09 /* Data */,
				40F6726621041B5000784D09 /* ElementListVC.swift */,
			);
			path = Element;
			sourceTree = "<group>";
		};
		40F6727021042BFF00784D09 /* Data */ = {
			isa = PBXGroup;
			children = (
				40F6727121042C1300784D09 /* DataController.swift */,
			);
			path = Data;
			sourceTree = "<group>";
		};
		779C234AA47064025A4DCB08 /* Frameworks */ = {
			isa = PBXGroup;
			children = (
				402FE29F210334BA0068048C /* TransitionButton.framework */,
				FD748A86F5F7457567991A5B /* Pods_ARChemistry.framework */,
			);
			name = Frameworks;
			sourceTree = "<group>";
		};
/* End PBXGroup section */

/* Begin PBXNativeTarget section */
		4045B5F120E50F3F00E225A5 /* ARChemistry */ = {
			isa = PBXNativeTarget;
			buildConfigurationList = 4045B61A20E50F4100E225A5 /* Build configuration list for PBXNativeTarget "ARChemistry" */;
			buildPhases = (
				D24491DF42B97273B455E458 /* [CP] Check Pods Manifest.lock */,
				4045B5EE20E50F3F00E225A5 /* Sources */,
				4045B5EF20E50F3F00E225A5 /* Frameworks */,
				4045B5F020E50F3F00E225A5 /* Resources */,
				E2BD36533E9EE80D1BA64A3A /* [CP] Embed Pods Frameworks */,
				084E02EFD770A517256671AD /* [CP] Copy Pods Resources */,
			);
			buildRules = (
			);
			dependencies = (
			);
			name = ARChemistry;
			productName = ARChemistry;
			productReference = 4045B5F220E50F3F00E225A5 /* ARChemistry.app */;
			productType = "com.apple.product-type.application";
		};
		4045B60520E50F4000E225A5 /* ARChemistryTests */ = {
			isa = PBXNativeTarget;
			buildConfigurationList = 4045B61D20E50F4100E225A5 /* Build configuration list for PBXNativeTarget "ARChemistryTests" */;
			buildPhases = (
				4045B60220E50F4000E225A5 /* Sources */,
				4045B60320E50F4000E225A5 /* Frameworks */,
				4045B60420E50F4000E225A5 /* Resources */,
			);
			buildRules = (
			);
			dependencies = (
				4045B60820E50F4000E225A5 /* PBXTargetDependency */,
			);
			name = ARChemistryTests;
			productName = ARChemistryTests;
			productReference = 4045B60620E50F4000E225A5 /* ARChemistryTests.xctest */;
			productType = "com.apple.product-type.bundle.unit-test";
		};
		4045B61020E50F4100E225A5 /* ARChemistryUITests */ = {
			isa = PBXNativeTarget;
			buildConfigurationList = 4045B62020E50F4100E225A5 /* Build configuration list for PBXNativeTarget "ARChemistryUITests" */;
			buildPhases = (
				4045B60D20E50F4100E225A5 /* Sources */,
				4045B60E20E50F4100E225A5 /* Frameworks */,
				4045B60F20E50F4100E225A5 /* Resources */,
			);
			buildRules = (
			);
			dependencies = (
				4045B61320E50F4100E225A5 /* PBXTargetDependency */,
			);
			name = ARChemistryUITests;
			productName = ARChemistryUITests;
			productReference = 4045B61120E50F4100E225A5 /* ARChemistryUITests.xctest */;
			productType = "com.apple.product-type.bundle.ui-testing";
		};
/* End PBXNativeTarget section */

/* Begin PBXProject section */
		4045B5EA20E50F3F00E225A5 /* Project object */ = {
			isa = PBXProject;
			attributes = {
				LastSwiftUpdateCheck = 0940;
				LastUpgradeCheck = 0940;
				ORGANIZATIONNAME = HHumorous;
				TargetAttributes = {
					4045B5F120E50F3F00E225A5 = {
						CreatedOnToolsVersion = 9.4.1;
					};
					4045B60520E50F4000E225A5 = {
						CreatedOnToolsVersion = 9.4.1;
						TestTargetID = 4045B5F120E50F3F00E225A5;
					};
					4045B61020E50F4100E225A5 = {
						CreatedOnToolsVersion = 9.4.1;
						TestTargetID = 4045B5F120E50F3F00E225A5;
					};
				};
			};
			buildConfigurationList = 4045B5ED20E50F3F00E225A5 /* Build configuration list for PBXProject "ARChemistry" */;
			compatibilityVersion = "Xcode 9.3";
			developmentRegion = en;
			hasScannedForEncodings = 0;
			knownRegions = (
				en,
				Base,
			);
			mainGroup = 4045B5E920E50F3F00E225A5;
			productRefGroup = 4045B5F320E50F3F00E225A5 /* Products */;
			projectDirPath = "";
			projectRoot = "";
			targets = (
				4045B5F120E50F3F00E225A5 /* ARChemistry */,
				4045B60520E50F4000E225A5 /* ARChemistryTests */,
				4045B61020E50F4100E225A5 /* ARChemistryUITests */,
			);
		};
/* End PBXProject section */

/* Begin PBXResourcesBuildPhase section */
		4045B5F020E50F3F00E225A5 /* Resources */ = {
			isa = PBXResourcesBuildPhase;
			buildActionMask = 2147483647;
			files = (
				4011BEC02105764900A928C4 /* ElementCollectionCell.xib in Resources */,
				403832FF20FFB989005E3940 /* video_background.mp4 in Resources */,
				40F67264210416B200784D09 /* Elements.storyboard in Resources */,
				40BC88E020FF9F160049CC44 /* TabBarTopViewCell.xib in Resources */,
				404CF521210A50B400B21C96 /* Models.scnassets in Resources */,
				402AEEFB2108715F00F3690C /* PeriodicCell.xib in Resources */,
				3BEB60BA20E527CB00A234FE /* Login.storyboard in Resources */,
				402AEF0821088BB100F3690C /* Common.storyboard in Resources */,
				3BEB608620E5246700A234FE /* Main.storyboard in Resources */,
				4040BF6820F32720000158A0 /* table.json in Resources */,
				402FE27D2101BAC80068048C /* Profile.storyboard in Resources */,
				401164EB21008973003C0180 /* GoogleService-Info.plist in Resources */,
				40BC88E220FF9F160049CC44 /* TabBarTopView.xib in Resources */,
				403A28F02105098C00BF0099 /* ElementTableCell.xib in Resources */,
				4040BF5E20F315D8000158A0 /* Setting.storyboard in Resources */,
				4045B60020E50F4000E225A5 /* LaunchScreen.storyboard in Resources */,
				4045B5FD20E50F4000E225A5 /* Assets.xcassets in Resources */,
				404CF51D210A4C3F00B21C96 /* ARKit.storyboard in Resources */,
				407089C620F303CD00B922D4 /* PeriodicTable.storyboard in Resources */,
			);
			runOnlyForDeploymentPostprocessing = 0;
		};
		4045B60420E50F4000E225A5 /* Resources */ = {
			isa = PBXResourcesBuildPhase;
			buildActionMask = 2147483647;
			files = (
			);
			runOnlyForDeploymentPostprocessing = 0;
		};
		4045B60F20E50F4100E225A5 /* Resources */ = {
			isa = PBXResourcesBuildPhase;
			buildActionMask = 2147483647;
			files = (
			);
			runOnlyForDeploymentPostprocessing = 0;
		};
/* End PBXResourcesBuildPhase section */

/* Begin PBXShellScriptBuildPhase section */
		084E02EFD770A517256671AD /* [CP] Copy Pods Resources */ = {
			isa = PBXShellScriptBuildPhase;
			buildActionMask = 2147483647;
			files = (
			);
			inputPaths = (
				"${SRCROOT}/Pods/Target Support Files/Pods-ARChemistry/Pods-ARChemistry-resources.sh",
				"${PODS_ROOT}/GoogleSignIn/Resources/GoogleSignIn.bundle",
			);
			name = "[CP] Copy Pods Resources";
			outputPaths = (
				"${TARGET_BUILD_DIR}/${UNLOCALIZED_RESOURCES_FOLDER_PATH}/GoogleSignIn.bundle",
			);
			runOnlyForDeploymentPostprocessing = 0;
			shellPath = /bin/sh;
			shellScript = "\"${SRCROOT}/Pods/Target Support Files/Pods-ARChemistry/Pods-ARChemistry-resources.sh\"\n";
			showEnvVarsInLog = 0;
		};
		D24491DF42B97273B455E458 /* [CP] Check Pods Manifest.lock */ = {
			isa = PBXShellScriptBuildPhase;
			buildActionMask = 2147483647;
			files = (
			);
			inputPaths = (
				"${PODS_PODFILE_DIR_PATH}/Podfile.lock",
				"${PODS_ROOT}/Manifest.lock",
			);
			name = "[CP] Check Pods Manifest.lock";
			outputPaths = (
				"$(DERIVED_FILE_DIR)/Pods-ARChemistry-checkManifestLockResult.txt",
			);
			runOnlyForDeploymentPostprocessing = 0;
			shellPath = /bin/sh;
			shellScript = "diff \"${PODS_PODFILE_DIR_PATH}/Podfile.lock\" \"${PODS_ROOT}/Manifest.lock\" > /dev/null\nif [ $? != 0 ] ; then\n    # print error to STDERR\n    echo \"error: The sandbox is not in sync with the Podfile.lock. Run 'pod install' or update your CocoaPods installation.\" >&2\n    exit 1\nfi\n# This output is used by Xcode 'outputs' to avoid re-running this script phase.\necho \"SUCCESS\" > \"${SCRIPT_OUTPUT_FILE_0}\"\n";
			showEnvVarsInLog = 0;
		};
		E2BD36533E9EE80D1BA64A3A /* [CP] Embed Pods Frameworks */ = {
			isa = PBXShellScriptBuildPhase;
			buildActionMask = 2147483647;
			files = (
			);
			inputPaths = (
				"${SRCROOT}/Pods/Target Support Files/Pods-ARChemistry/Pods-ARChemistry-frameworks.sh",
				"${BUILT_PRODUCTS_DIR}/Alamofire/Alamofire.framework",
				"${BUILT_PRODUCTS_DIR}/Bolts/Bolts.framework",
				"${BUILT_PRODUCTS_DIR}/BoringSSL/openssl.framework",
				"${BUILT_PRODUCTS_DIR}/ColorMatchTabs/ColorMatchTabs.framework",
				"${BUILT_PRODUCTS_DIR}/FBSDKCoreKit/FBSDKCoreKit.framework",
				"${BUILT_PRODUCTS_DIR}/FBSDKLoginKit/FBSDKLoginKit.framework",
				"${BUILT_PRODUCTS_DIR}/FacebookCore/FacebookCore.framework",
				"${BUILT_PRODUCTS_DIR}/FacebookLogin/FacebookLogin.framework",
				"${BUILT_PRODUCTS_DIR}/GTMOAuth2/GTMOAuth2.framework",
				"${BUILT_PRODUCTS_DIR}/GTMSessionFetcher/GTMSessionFetcher.framework",
				"${BUILT_PRODUCTS_DIR}/GoogleToolboxForMac/GoogleToolboxForMac.framework",
				"${BUILT_PRODUCTS_DIR}/Kingfisher/Kingfisher.framework",
				"${BUILT_PRODUCTS_DIR}/MBProgressHUD/MBProgressHUD.framework",
				"${BUILT_PRODUCTS_DIR}/Macaw/Macaw.framework",
				"${BUILT_PRODUCTS_DIR}/ObjectMapper/ObjectMapper.framework",
				"${BUILT_PRODUCTS_DIR}/Protobuf/Protobuf.framework",
				"${BUILT_PRODUCTS_DIR}/SWXMLHash/SWXMLHash.framework",
				"${BUILT_PRODUCTS_DIR}/TransitionButton/TransitionButton.framework",
				"${BUILT_PRODUCTS_DIR}/gRPC/GRPCClient.framework",
				"${BUILT_PRODUCTS_DIR}/gRPC-Core/grpc.framework",
				"${BUILT_PRODUCTS_DIR}/gRPC-ProtoRPC/ProtoRPC.framework",
				"${BUILT_PRODUCTS_DIR}/gRPC-RxLibrary/RxLibrary.framework",
				"${BUILT_PRODUCTS_DIR}/leveldb-library/leveldb.framework",
				"${BUILT_PRODUCTS_DIR}/nanopb/nanopb.framework",
			);
			name = "[CP] Embed Pods Frameworks";
			outputPaths = (
				"${TARGET_BUILD_DIR}/${FRAMEWORKS_FOLDER_PATH}/Alamofire.framework",
				"${TARGET_BUILD_DIR}/${FRAMEWORKS_FOLDER_PATH}/Bolts.framework",
				"${TARGET_BUILD_DIR}/${FRAMEWORKS_FOLDER_PATH}/openssl.framework",
				"${TARGET_BUILD_DIR}/${FRAMEWORKS_FOLDER_PATH}/ColorMatchTabs.framework",
				"${TARGET_BUILD_DIR}/${FRAMEWORKS_FOLDER_PATH}/FBSDKCoreKit.framework",
				"${TARGET_BUILD_DIR}/${FRAMEWORKS_FOLDER_PATH}/FBSDKLoginKit.framework",
				"${TARGET_BUILD_DIR}/${FRAMEWORKS_FOLDER_PATH}/FacebookCore.framework",
				"${TARGET_BUILD_DIR}/${FRAMEWORKS_FOLDER_PATH}/FacebookLogin.framework",
				"${TARGET_BUILD_DIR}/${FRAMEWORKS_FOLDER_PATH}/GTMOAuth2.framework",
				"${TARGET_BUILD_DIR}/${FRAMEWORKS_FOLDER_PATH}/GTMSessionFetcher.framework",
				"${TARGET_BUILD_DIR}/${FRAMEWORKS_FOLDER_PATH}/GoogleToolboxForMac.framework",
				"${TARGET_BUILD_DIR}/${FRAMEWORKS_FOLDER_PATH}/Kingfisher.framework",
				"${TARGET_BUILD_DIR}/${FRAMEWORKS_FOLDER_PATH}/MBProgressHUD.framework",
				"${TARGET_BUILD_DIR}/${FRAMEWORKS_FOLDER_PATH}/Macaw.framework",
				"${TARGET_BUILD_DIR}/${FRAMEWORKS_FOLDER_PATH}/ObjectMapper.framework",
				"${TARGET_BUILD_DIR}/${FRAMEWORKS_FOLDER_PATH}/Protobuf.framework",
				"${TARGET_BUILD_DIR}/${FRAMEWORKS_FOLDER_PATH}/SWXMLHash.framework",
				"${TARGET_BUILD_DIR}/${FRAMEWORKS_FOLDER_PATH}/TransitionButton.framework",
				"${TARGET_BUILD_DIR}/${FRAMEWORKS_FOLDER_PATH}/GRPCClient.framework",
				"${TARGET_BUILD_DIR}/${FRAMEWORKS_FOLDER_PATH}/grpc.framework",
				"${TARGET_BUILD_DIR}/${FRAMEWORKS_FOLDER_PATH}/ProtoRPC.framework",
				"${TARGET_BUILD_DIR}/${FRAMEWORKS_FOLDER_PATH}/RxLibrary.framework",
				"${TARGET_BUILD_DIR}/${FRAMEWORKS_FOLDER_PATH}/leveldb.framework",
				"${TARGET_BUILD_DIR}/${FRAMEWORKS_FOLDER_PATH}/nanopb.framework",
			);
			runOnlyForDeploymentPostprocessing = 0;
			shellPath = /bin/sh;
			shellScript = "\"${SRCROOT}/Pods/Target Support Files/Pods-ARChemistry/Pods-ARChemistry-frameworks.sh\"\n";
			showEnvVarsInLog = 0;
		};
/* End PBXShellScriptBuildPhase section */

/* Begin PBXSourcesBuildPhase section */
		4045B5EE20E50F3F00E225A5 /* Sources */ = {
			isa = PBXSourcesBuildPhase;
			buildActionMask = 2147483647;
			files = (
				40BC88EA20FFA2330049CC44 /* Font.swift in Sources */,
				404CF516210A4BFB00B21C96 /* VirtualObjectARView.swift in Sources */,
				404CF504210A4BBE00B21C96 /* FocusSquareSegment.swift in Sources */,
				407089CC20F30C9200B922D4 /* PeriodicTableVC.swift in Sources */,
				40F6727621042C5900784D09 /* SubTableVC.swift in Sources */,
				3BEB60C620E5284100A234FE /* UIColor+Ext.swift in Sources */,
				404CF50B210A4BD400B21C96 /* VirtualObject.swift in Sources */,
				402FE2832101C0010068048C /* ProfileCell.swift in Sources */,
				403A28EB2105064100BF0099 /* SubTableVCFowLayout.swift in Sources */,
				3BEB60A620E5254100A234FE /* BaseAPIError.swift in Sources */,
				40BC88E420FF9FAE0049CC44 /* LoginClvCell.swift in Sources */,
				3BEB60A320E5254100A234FE /* Configuration.swift in Sources */,
				3BEB60A720E5254100A234FE /* MessageKeys.swift in Sources */,
				3BEB60CE20E5291600A234FE /* MainVC.swift in Sources */,
				3BEB60E720E52C2D00A234FE /* BaseNV.swift in Sources */,
				3BEB60D120E5299900A234FE /* LoginDto.swift in Sources */,
				404CF503210A4BBE00B21C96 /* FocusSquare.swift in Sources */,
				402FE29B2102E6C30068048C /* PickerViewViewController.swift in Sources */,
				404CF507210A4BCE00B21C96 /* Utilities.swift in Sources */,
				404CF4FE210A4BB200B21C96 /* StatusViewController.swift in Sources */,
				40BC88E120FF9F160049CC44 /* TabBarTopView.swift in Sources */,
				40F6727221042C1300784D09 /* DataController.swift in Sources */,
				404CF517210A4BFB00B21C96 /* VirtualObjectInteraction.swift in Sources */,
				4011BEBC2105759E00A928C4 /* SubCollectionVCFlowLayout.swift in Sources */,
				40F6726721041B5000784D09 /* ElementListVC.swift in Sources */,
				402FE2932102D9330068048C /* TwoTextFieldsViewController.swift in Sources */,
				402FE2952102DA910068048C /* UITextField+Extensions.swift in Sources */,
				3BEB60C320E5284100A234FE /* ValidateUtils.swift in Sources */,
				3BEB60D420E529B400A234FE /* RegisterDto.swift in Sources */,
				404CF51A210A4BFB00B21C96 /* ViewController+ARSCNViewDelegate.swift in Sources */,
				3BEB60B020E526A600A234FE /* Constants.swift in Sources */,
				404CF4F6210953EF00B21C96 /* ScrollMenu.swift in Sources */,
				3BEB608C20E524BC00A234FE /* MenuVC.swift in Sources */,
				402FE29E210313690068048C /* ChangePassVC.swift in Sources */,
				3BEB60C420E5284100A234FE /* UIButton+Ext.swift in Sources */,
				3BEB60E120E52A8B00A234FE /* BaseClvCell.swift in Sources */,
				402AEF0B2108D78A00F3690C /* WebVC.swift in Sources */,
				403A28EE2105092800BF0099 /* ElementTableCell.swift in Sources */,
				402AEEFA2108715F00F3690C /* PeriodicCell.swift in Sources */,
				407089D020F3119F00B922D4 /* Style+Navigation.swift in Sources */,
				3BEB60DA20E52A3A00A234FE /* NSAtribitedString+Ext.swift in Sources */,
				404CF518210A4BFB00B21C96 /* ThresholdPanGesture.swift in Sources */,
				402FE2872102D3A20068048C /* UIAlertViewController + Ext.swift in Sources */,
				40BC88F220FFAA2E0049CC44 /* HButton.swift in Sources */,
				3BEB60C720E5284100A234FE /* UIView+Ext.swift in Sources */,
				3BEB60E520E52ABC00A234FE /* BaseTbvCell.swift in Sources */,
				4040BF6020F31601000158A0 /* SettingVC.swift in Sources */,
				404CF4FA2109D7A200B21C96 /* PickerItemCell.swift in Sources */,
				40BC88E820FF9FFB0049CC44 /* LoginRegisterVC.swift in Sources */,
				402FE2922102D9330068048C /* OneTextFieldViewController.swift in Sources */,
				402FE28C2102D7960068048C /* Common+Extensions.swift in Sources */,
				402AEF0021088B6E00F3690C /* ItemCell.swift in Sources */,
				407089D220F3120D00B922D4 /* CustomNavigation.swift in Sources */,
				3BEB60A420E5254100A234FE /* LocationManager.swift in Sources */,
				404CF519210A4BFB00B21C96 /* ViewController+Actions.swift in Sources */,
				4045B5F620E50F3F00E225A5 /* AppDelegate.swift in Sources */,
				40E113C02106317200290F9F /* User.swift in Sources */,
				40F6727421042C4B00784D09 /* SubCollectionVC.swift in Sources */,
				404CF50C210A4BD400B21C96 /* VirtualObjectLoader.swift in Sources */,
				402FE2802101BFE10068048C /* ProfileVC.swift in Sources */,
				3BEB60C820E5284100A234FE /* MoneyUtils.swift in Sources */,
				402AEF0421088B8D00F3690C /* PickerItemVC.swift in Sources */,
				3BEB60A920E5254100A234FE /* APIService.swift in Sources */,
				4040BF6220F31776000158A0 /* ARKit.swift in Sources */,
				402FE2982102E28C0068048C /* DatePickerViewController.swift in Sources */,
				40BC88F020FFAA240049CC44 /* HView.swift in Sources */,
				40BC88DF20FF9F160049CC44 /* TabBarTopViewCell.swift in Sources */,
				3BEB60CB20E5289E00A234FE /* BaseDto.swift in Sources */,
				402AEEF62108711900F3690C /* PeriodicCellFlow.swift in Sources */,
				3BEB608B20E524BC00A234FE /* MenuCell.swift in Sources */,
				404CF515210A4BFB00B21C96 /* ViewController+ObjectSelection.swift in Sources */,
				4011BEBF2105764900A928C4 /* ElementCollectionCell.swift in Sources */,
				3BEB609220E524ED00A234FE /* BaseVC.swift in Sources */,
				40BC88EC20FFA2F70049CC44 /* String+Ext.swift in Sources */,
				4040BF6420F31E96000158A0 /* PeriodicTable.swift in Sources */,
				3BEB60C520E5284100A234FE /* UIKit+IB.swift in Sources */,
				402FE28A2102D6580068048C /* HTextfield.swift in Sources */,
				4054786E21076FE1002646B0 /* ElementDto.swift in Sources */,
				3BEB60AA20E5254100A234FE /* APIService+Profile.swift in Sources */,
				3BEB60A520E5254100A234FE /* APIError.swift in Sources */,
				40BC88E620FF9FC20049CC44 /* RegisterClvCell.swift in Sources */,
				404CF4FF210A4BB200B21C96 /* VirtualObjectSelection.swift in Sources */,
			);
			runOnlyForDeploymentPostprocessing = 0;
		};
		4045B60220E50F4000E225A5 /* Sources */ = {
			isa = PBXSourcesBuildPhase;
			buildActionMask = 2147483647;
			files = (
				4045B60B20E50F4000E225A5 /* ARChemistryTests.swift in Sources */,
			);
			runOnlyForDeploymentPostprocessing = 0;
		};
		4045B60D20E50F4100E225A5 /* Sources */ = {
			isa = PBXSourcesBuildPhase;
			buildActionMask = 2147483647;
			files = (
				4045B61620E50F4100E225A5 /* ARChemistryUITests.swift in Sources */,
			);
			runOnlyForDeploymentPostprocessing = 0;
		};
/* End PBXSourcesBuildPhase section */

/* Begin PBXTargetDependency section */
		4045B60820E50F4000E225A5 /* PBXTargetDependency */ = {
			isa = PBXTargetDependency;
			target = 4045B5F120E50F3F00E225A5 /* ARChemistry */;
			targetProxy = 4045B60720E50F4000E225A5 /* PBXContainerItemProxy */;
		};
		4045B61320E50F4100E225A5 /* PBXTargetDependency */ = {
			isa = PBXTargetDependency;
			target = 4045B5F120E50F3F00E225A5 /* ARChemistry */;
			targetProxy = 4045B61220E50F4100E225A5 /* PBXContainerItemProxy */;
		};
/* End PBXTargetDependency section */

/* Begin PBXVariantGroup section */
		4045B5FE20E50F4000E225A5 /* LaunchScreen.storyboard */ = {
			isa = PBXVariantGroup;
			children = (
				4045B5FF20E50F4000E225A5 /* Base */,
			);
			name = LaunchScreen.storyboard;
			sourceTree = "<group>";
		};
		404CF51B210A4C3F00B21C96 /* ARKit.storyboard */ = {
			isa = PBXVariantGroup;
			children = (
				404CF51C210A4C3F00B21C96 /* Base */,
			);
			name = ARKit.storyboard;
			sourceTree = "<group>";
		};
/* End PBXVariantGroup section */

/* Begin XCBuildConfiguration section */
		4045B61820E50F4100E225A5 /* Debug */ = {
			isa = XCBuildConfiguration;
			buildSettings = {
				ALWAYS_SEARCH_USER_PATHS = NO;
				CLANG_ANALYZER_NONNULL = YES;
				CLANG_ANALYZER_NUMBER_OBJECT_CONVERSION = YES_AGGRESSIVE;
				CLANG_CXX_LANGUAGE_STANDARD = "gnu++14";
				CLANG_CXX_LIBRARY = "libc++";
				CLANG_ENABLE_MODULES = YES;
				CLANG_ENABLE_OBJC_ARC = YES;
				CLANG_ENABLE_OBJC_WEAK = YES;
				CLANG_WARN_BLOCK_CAPTURE_AUTORELEASING = YES;
				CLANG_WARN_BOOL_CONVERSION = YES;
				CLANG_WARN_COMMA = YES;
				CLANG_WARN_CONSTANT_CONVERSION = YES;
				CLANG_WARN_DEPRECATED_OBJC_IMPLEMENTATIONS = YES;
				CLANG_WARN_DIRECT_OBJC_ISA_USAGE = YES_ERROR;
				CLANG_WARN_DOCUMENTATION_COMMENTS = YES;
				CLANG_WARN_EMPTY_BODY = YES;
				CLANG_WARN_ENUM_CONVERSION = YES;
				CLANG_WARN_INFINITE_RECURSION = YES;
				CLANG_WARN_INT_CONVERSION = YES;
				CLANG_WARN_NON_LITERAL_NULL_CONVERSION = YES;
				CLANG_WARN_OBJC_IMPLICIT_RETAIN_SELF = YES;
				CLANG_WARN_OBJC_LITERAL_CONVERSION = YES;
				CLANG_WARN_OBJC_ROOT_CLASS = YES_ERROR;
				CLANG_WARN_RANGE_LOOP_ANALYSIS = YES;
				CLANG_WARN_STRICT_PROTOTYPES = YES;
				CLANG_WARN_SUSPICIOUS_MOVE = YES;
				CLANG_WARN_UNGUARDED_AVAILABILITY = YES_AGGRESSIVE;
				CLANG_WARN_UNREACHABLE_CODE = YES;
				CLANG_WARN__DUPLICATE_METHOD_MATCH = YES;
				CODE_SIGN_IDENTITY = "iPhone Developer";
				COPY_PHASE_STRIP = NO;
				DEBUG_INFORMATION_FORMAT = dwarf;
				ENABLE_STRICT_OBJC_MSGSEND = YES;
				ENABLE_TESTABILITY = YES;
				GCC_C_LANGUAGE_STANDARD = gnu11;
				GCC_DYNAMIC_NO_PIC = NO;
				GCC_NO_COMMON_BLOCKS = YES;
				GCC_OPTIMIZATION_LEVEL = 0;
				GCC_PREPROCESSOR_DEFINITIONS = (
					"DEBUG=1",
					"$(inherited)",
				);
				GCC_WARN_64_TO_32_BIT_CONVERSION = YES;
				GCC_WARN_ABOUT_RETURN_TYPE = YES_ERROR;
				GCC_WARN_UNDECLARED_SELECTOR = YES;
				GCC_WARN_UNINITIALIZED_AUTOS = YES_AGGRESSIVE;
				GCC_WARN_UNUSED_FUNCTION = YES;
				GCC_WARN_UNUSED_VARIABLE = YES;
				IPHONEOS_DEPLOYMENT_TARGET = 11.4;
				MTL_ENABLE_DEBUG_INFO = YES;
				ONLY_ACTIVE_ARCH = YES;
				SDKROOT = iphoneos;
				SWIFT_ACTIVE_COMPILATION_CONDITIONS = DEBUG;
				SWIFT_OPTIMIZATION_LEVEL = "-Onone";
			};
			name = Debug;
		};
		4045B61920E50F4100E225A5 /* Release */ = {
			isa = XCBuildConfiguration;
			buildSettings = {
				ALWAYS_SEARCH_USER_PATHS = NO;
				CLANG_ANALYZER_NONNULL = YES;
				CLANG_ANALYZER_NUMBER_OBJECT_CONVERSION = YES_AGGRESSIVE;
				CLANG_CXX_LANGUAGE_STANDARD = "gnu++14";
				CLANG_CXX_LIBRARY = "libc++";
				CLANG_ENABLE_MODULES = YES;
				CLANG_ENABLE_OBJC_ARC = YES;
				CLANG_ENABLE_OBJC_WEAK = YES;
				CLANG_WARN_BLOCK_CAPTURE_AUTORELEASING = YES;
				CLANG_WARN_BOOL_CONVERSION = YES;
				CLANG_WARN_COMMA = YES;
				CLANG_WARN_CONSTANT_CONVERSION = YES;
				CLANG_WARN_DEPRECATED_OBJC_IMPLEMENTATIONS = YES;
				CLANG_WARN_DIRECT_OBJC_ISA_USAGE = YES_ERROR;
				CLANG_WARN_DOCUMENTATION_COMMENTS = YES;
				CLANG_WARN_EMPTY_BODY = YES;
				CLANG_WARN_ENUM_CONVERSION = YES;
				CLANG_WARN_INFINITE_RECURSION = YES;
				CLANG_WARN_INT_CONVERSION = YES;
				CLANG_WARN_NON_LITERAL_NULL_CONVERSION = YES;
				CLANG_WARN_OBJC_IMPLICIT_RETAIN_SELF = YES;
				CLANG_WARN_OBJC_LITERAL_CONVERSION = YES;
				CLANG_WARN_OBJC_ROOT_CLASS = YES_ERROR;
				CLANG_WARN_RANGE_LOOP_ANALYSIS = YES;
				CLANG_WARN_STRICT_PROTOTYPES = YES;
				CLANG_WARN_SUSPICIOUS_MOVE = YES;
				CLANG_WARN_UNGUARDED_AVAILABILITY = YES_AGGRESSIVE;
				CLANG_WARN_UNREACHABLE_CODE = YES;
				CLANG_WARN__DUPLICATE_METHOD_MATCH = YES;
				CODE_SIGN_IDENTITY = "iPhone Developer";
				COPY_PHASE_STRIP = NO;
				DEBUG_INFORMATION_FORMAT = "dwarf-with-dsym";
				ENABLE_NS_ASSERTIONS = NO;
				ENABLE_STRICT_OBJC_MSGSEND = YES;
				GCC_C_LANGUAGE_STANDARD = gnu11;
				GCC_NO_COMMON_BLOCKS = YES;
				GCC_WARN_64_TO_32_BIT_CONVERSION = YES;
				GCC_WARN_ABOUT_RETURN_TYPE = YES_ERROR;
				GCC_WARN_UNDECLARED_SELECTOR = YES;
				GCC_WARN_UNINITIALIZED_AUTOS = YES_AGGRESSIVE;
				GCC_WARN_UNUSED_FUNCTION = YES;
				GCC_WARN_UNUSED_VARIABLE = YES;
				IPHONEOS_DEPLOYMENT_TARGET = 11.4;
				MTL_ENABLE_DEBUG_INFO = NO;
				SDKROOT = iphoneos;
				SWIFT_COMPILATION_MODE = wholemodule;
				SWIFT_OPTIMIZATION_LEVEL = "-O";
				VALIDATE_PRODUCT = YES;
			};
			name = Release;
		};
		4045B61B20E50F4100E225A5 /* Debug */ = {
			isa = XCBuildConfiguration;
			baseConfigurationReference = 0DB87DBF09C5CE2BD967CB01 /* Pods-ARChemistry.debug.xcconfig */;
			buildSettings = {
				ASSETCATALOG_COMPILER_APPICON_NAME = AppIcon;
				CODE_SIGN_STYLE = Automatic;
				DEVELOPMENT_TEAM = 2UKZEPM7R9;
				INFOPLIST_FILE = "ARChemistry/Suporting Files/Info.plist";
				IPHONEOS_DEPLOYMENT_TARGET = 11.4;
				LD_RUNPATH_SEARCH_PATHS = (
					"$(inherited)",
					"@executable_path/Frameworks",
				);
				PRODUCT_BUNDLE_IDENTIFIER = com.hhumorous.ARChemistry;
				PRODUCT_NAME = "$(TARGET_NAME)";
				SWIFT_VERSION = 4.0;
				TARGETED_DEVICE_FAMILY = "1,2";
			};
			name = Debug;
		};
		4045B61C20E50F4100E225A5 /* Release */ = {
			isa = XCBuildConfiguration;
			baseConfigurationReference = 12850F0C1D2DB56D3DF5337C /* Pods-ARChemistry.release.xcconfig */;
			buildSettings = {
				ASSETCATALOG_COMPILER_APPICON_NAME = AppIcon;
				CODE_SIGN_STYLE = Automatic;
				DEVELOPMENT_TEAM = 2UKZEPM7R9;
				INFOPLIST_FILE = "ARChemistry/Suporting Files/Info.plist";
				IPHONEOS_DEPLOYMENT_TARGET = 11.4;
				LD_RUNPATH_SEARCH_PATHS = (
					"$(inherited)",
					"@executable_path/Frameworks",
				);
				PRODUCT_BUNDLE_IDENTIFIER = com.hhumorous.ARChemistry;
				PRODUCT_NAME = "$(TARGET_NAME)";
				SWIFT_VERSION = 4.0;
				TARGETED_DEVICE_FAMILY = "1,2";
			};
			name = Release;
		};
		4045B61E20E50F4100E225A5 /* Debug */ = {
			isa = XCBuildConfiguration;
			buildSettings = {
				ALWAYS_EMBED_SWIFT_STANDARD_LIBRARIES = YES;
				BUNDLE_LOADER = "$(TEST_HOST)";
				CODE_SIGN_STYLE = Automatic;
				INFOPLIST_FILE = ARChemistryTests/Info.plist;
				LD_RUNPATH_SEARCH_PATHS = (
					"$(inherited)",
					"@executable_path/Frameworks",
					"@loader_path/Frameworks",
				);
				PRODUCT_BUNDLE_IDENTIFIER = com.hhumorous.ARChemistryTests;
				PRODUCT_NAME = "$(TARGET_NAME)";
				SWIFT_VERSION = 4.0;
				TARGETED_DEVICE_FAMILY = "1,2";
				TEST_HOST = "$(BUILT_PRODUCTS_DIR)/ARChemistry.app/ARChemistry";
			};
			name = Debug;
		};
		4045B61F20E50F4100E225A5 /* Release */ = {
			isa = XCBuildConfiguration;
			buildSettings = {
				ALWAYS_EMBED_SWIFT_STANDARD_LIBRARIES = YES;
				BUNDLE_LOADER = "$(TEST_HOST)";
				CODE_SIGN_STYLE = Automatic;
				INFOPLIST_FILE = ARChemistryTests/Info.plist;
				LD_RUNPATH_SEARCH_PATHS = (
					"$(inherited)",
					"@executable_path/Frameworks",
					"@loader_path/Frameworks",
				);
				PRODUCT_BUNDLE_IDENTIFIER = com.hhumorous.ARChemistryTests;
				PRODUCT_NAME = "$(TARGET_NAME)";
				SWIFT_VERSION = 4.0;
				TARGETED_DEVICE_FAMILY = "1,2";
				TEST_HOST = "$(BUILT_PRODUCTS_DIR)/ARChemistry.app/ARChemistry";
			};
			name = Release;
		};
		4045B62120E50F4100E225A5 /* Debug */ = {
			isa = XCBuildConfiguration;
			buildSettings = {
				ALWAYS_EMBED_SWIFT_STANDARD_LIBRARIES = YES;
				CODE_SIGN_STYLE = Automatic;
				INFOPLIST_FILE = ARChemistryUITests/Info.plist;
				LD_RUNPATH_SEARCH_PATHS = (
					"$(inherited)",
					"@executable_path/Frameworks",
					"@loader_path/Frameworks",
				);
				PRODUCT_BUNDLE_IDENTIFIER = com.hhumorous.ARChemistryUITests;
				PRODUCT_NAME = "$(TARGET_NAME)";
				SWIFT_VERSION = 4.0;
				TARGETED_DEVICE_FAMILY = "1,2";
				TEST_TARGET_NAME = ARChemistry;
			};
			name = Debug;
		};
		4045B62220E50F4100E225A5 /* Release */ = {
			isa = XCBuildConfiguration;
			buildSettings = {
				ALWAYS_EMBED_SWIFT_STANDARD_LIBRARIES = YES;
				CODE_SIGN_STYLE = Automatic;
				INFOPLIST_FILE = ARChemistryUITests/Info.plist;
				LD_RUNPATH_SEARCH_PATHS = (
					"$(inherited)",
					"@executable_path/Frameworks",
					"@loader_path/Frameworks",
				);
				PRODUCT_BUNDLE_IDENTIFIER = com.hhumorous.ARChemistryUITests;
				PRODUCT_NAME = "$(TARGET_NAME)";
				SWIFT_VERSION = 4.0;
				TARGETED_DEVICE_FAMILY = "1,2";
				TEST_TARGET_NAME = ARChemistry;
			};
			name = Release;
		};
/* End XCBuildConfiguration section */

/* Begin XCConfigurationList section */
		4045B5ED20E50F3F00E225A5 /* Build configuration list for PBXProject "ARChemistry" */ = {
			isa = XCConfigurationList;
			buildConfigurations = (
				4045B61820E50F4100E225A5 /* Debug */,
				4045B61920E50F4100E225A5 /* Release */,
			);
			defaultConfigurationIsVisible = 0;
			defaultConfigurationName = Release;
		};
		4045B61A20E50F4100E225A5 /* Build configuration list for PBXNativeTarget "ARChemistry" */ = {
			isa = XCConfigurationList;
			buildConfigurations = (
				4045B61B20E50F4100E225A5 /* Debug */,
				4045B61C20E50F4100E225A5 /* Release */,
			);
			defaultConfigurationIsVisible = 0;
			defaultConfigurationName = Release;
		};
		4045B61D20E50F4100E225A5 /* Build configuration list for PBXNativeTarget "ARChemistryTests" */ = {
			isa = XCConfigurationList;
			buildConfigurations = (
				4045B61E20E50F4100E225A5 /* Debug */,
				4045B61F20E50F4100E225A5 /* Release */,
			);
			defaultConfigurationIsVisible = 0;
			defaultConfigurationName = Release;
		};
		4045B62020E50F4100E225A5 /* Build configuration list for PBXNativeTarget "ARChemistryUITests" */ = {
			isa = XCConfigurationList;
			buildConfigurations = (
				4045B62120E50F4100E225A5 /* Debug */,
				4045B62220E50F4100E225A5 /* Release */,
			);
			defaultConfigurationIsVisible = 0;
			defaultConfigurationName = Release;
		};
/* End XCConfigurationList section */
	};
	rootObject = 4045B5EA20E50F3F00E225A5 /* Project object */;
}
